<?xml version="1.0" encoding="utf-8"?>
<Project ToolsVersion="4.0" xmlns="http://schemas.microsoft.com/developer/msbuild/2003">
  <ItemGroup>
    <Filter Include="Header Files">
      <UniqueIdentifier>{e850f24d-093f-4c30-a99c-413a7dfa71b8}</UniqueIdentifier>
    </Filter>
    <Filter Include="Resource Files">
      <UniqueIdentifier>{f18cd969-acc3-480c-9147-ea3ae1c8ba92}</UniqueIdentifier>
    </Filter>
    <Filter Include="Source Files">
      <UniqueIdentifier>{bdd0568e-d423-4fcc-affe-6ba0c2a40f78}</UniqueIdentifier>
    </Filter>
    <Filter Include="Header Files\nettle">
      <UniqueIdentifier>{3d7f0357-dbd3-4264-8fc0-5d6f369bc887}</UniqueIdentifier>
    </Filter>
    <Filter Include="Source Files\x86_64">
      <UniqueIdentifier>{7fc10e01-b8f2-465b-a158-dad462d15c87}</UniqueIdentifier>
    </Filter>
  </ItemGroup>
  <ItemGroup>
    <ClInclude Include="config.h">
      <Filter>Header Files</Filter>
    </ClInclude>
    <ClInclude Include="..\nettle-meta.h">
      <Filter>Header Files\nettle</Filter>
    </ClInclude>
    <ClInclude Include="..\nettle-types.h">
      <Filter>Header Files\nettle</Filter>
    </ClInclude>
    <ClInclude Include="..\pbkdf2.h">
      <Filter>Header Files\nettle</Filter>
    </ClInclude>
    <ClInclude Include="..\pgp.h">
      <Filter>Header Files\nettle</Filter>
    </ClInclude>
    <ClInclude Include="..\pkcs1.h">
      <Filter>Header Files\nettle</Filter>
    </ClInclude>
    <ClInclude Include="..\realloc.h">
      <Filter>Header Files\nettle</Filter>
    </ClInclude>
    <ClInclude Include="..\ripemd160.h">
      <Filter>Header Files\nettle</Filter>
    </ClInclude>
    <ClInclude Include="..\rsa.h">
      <Filter>Header Files\nettle</Filter>
    </ClInclude>
    <ClInclude Include="..\salsa20.h">
      <Filter>Header Files\nettle</Filter>
    </ClInclude>
    <ClInclude Include="..\serpent.h">
      <Filter>Header Files\nettle</Filter>
    </ClInclude>
    <ClInclude Include="..\sexp.h">
      <Filter>Header Files\nettle</Filter>
    </ClInclude>
    <ClInclude Include="..\sha.h">
      <Filter>Header Files\nettle</Filter>
    </ClInclude>
    <ClInclude Include="..\sha1.h">
      <Filter>Header Files\nettle</Filter>
    </ClInclude>
    <ClInclude Include="..\sha2.h">
      <Filter>Header Files\nettle</Filter>
    </ClInclude>
    <ClInclude Include="..\sha3.h">
      <Filter>Header Files\nettle</Filter>
    </ClInclude>
    <ClInclude Include="..\twofish.h">
      <Filter>Header Files\nettle</Filter>
    </ClInclude>
    <ClInclude Include="..\umac.h">
      <Filter>Header Files\nettle</Filter>
    </ClInclude>
    <ClInclude Include="..\yarrow.h">
      <Filter>Header Files\nettle</Filter>
    </ClInclude>
    <ClInclude Include="..\aes.h">
      <Filter>Header Files\nettle</Filter>
    </ClInclude>
    <ClInclude Include="..\arcfour.h">
      <Filter>Header Files\nettle</Filter>
    </ClInclude>
    <ClInclude Include="..\arctwo.h">
      <Filter>Header Files\nettle</Filter>
    </ClInclude>
    <ClInclude Include="..\asn1.h">
      <Filter>Header Files\nettle</Filter>
    </ClInclude>
    <ClInclude Include="..\base16.h">
      <Filter>Header Files\nettle</Filter>
    </ClInclude>
    <ClInclude Include="..\base64.h">
      <Filter>Header Files\nettle</Filter>
    </ClInclude>
    <ClInclude Include="..\blowfish.h">
      <Filter>Header Files\nettle</Filter>
    </ClInclude>
    <ClInclude Include="..\buffer.h">
      <Filter>Header Files\nettle</Filter>
    </ClInclude>
    <ClInclude Include="..\camellia.h">
      <Filter>Header Files\nettle</Filter>
    </ClInclude>
    <ClInclude Include="..\cast128.h">
      <Filter>Header Files\nettle</Filter>
    </ClInclude>
    <ClInclude Include="..\cbc.h">
      <Filter>Header Files\nettle</Filter>
    </ClInclude>
    <ClInclude Include="..\ctr.h">
      <Filter>Header Files\nettle</Filter>
    </ClInclude>
    <ClInclude Include="..\des.h">
      <Filter>Header Files\nettle</Filter>
    </ClInclude>
    <ClInclude Include="..\dsa.h">
      <Filter>Header Files\nettle</Filter>
    </ClInclude>
    <ClInclude Include="..\ecc.h">
      <Filter>Header Files\nettle</Filter>
    </ClInclude>
    <ClInclude Include="..\ecc-curve.h">
      <Filter>Header Files\nettle</Filter>
    </ClInclude>
    <ClInclude Include="..\ecdsa.h">
      <Filter>Header Files\nettle</Filter>
    </ClInclude>
    <ClInclude Include="..\gcm.h">
      <Filter>Header Files\nettle</Filter>
    </ClInclude>
    <ClInclude Include="..\gosthash94.h">
      <Filter>Header Files\nettle</Filter>
    </ClInclude>
    <ClInclude Include="..\hmac.h">
      <Filter>Header Files\nettle</Filter>
    </ClInclude>
    <ClInclude Include="..\knuth-lfib.h">
      <Filter>Header Files\nettle</Filter>
    </ClInclude>
    <ClInclude Include="..\macros.h">
      <Filter>Header Files\nettle</Filter>
    </ClInclude>
    <ClInclude Include="..\md2.h">
      <Filter>Header Files\nettle</Filter>
    </ClInclude>
    <ClInclude Include="..\md4.h">
      <Filter>Header Files\nettle</Filter>
    </ClInclude>
    <ClInclude Include="..\md5.h">
      <Filter>Header Files\nettle</Filter>
    </ClInclude>
    <ClInclude Include="..\md5-compat.h">
      <Filter>Header Files\nettle</Filter>
    </ClInclude>
    <ClInclude Include="..\memxor.h">
      <Filter>Header Files\nettle</Filter>
    </ClInclude>
    <ClInclude Include="..\eax.h">
      <Filter>Header Files\nettle</Filter>
    </ClInclude>
    <ClInclude Include="..\ccm.h">
      <Filter>Header Files\nettle</Filter>
    </ClInclude>
    <ClInclude Include="..\chacha.h">
      <Filter>Header Files\nettle</Filter>
    </ClInclude>
    <ClInclude Include="..\chacha-poly1305.h">
      <Filter>Header Files\nettle</Filter>
    </ClInclude>
    <ClInclude Include="..\dsa-compat.h">
      <Filter>Header Files\nettle</Filter>
    </ClInclude>
    <ClInclude Include="..\poly1305.h">
      <Filter>Header Files\nettle</Filter>
    </ClInclude>
    <ClInclude Include="..\bignum.h">
      <Filter>Header Files\nettle</Filter>
    </ClInclude>
    <ClInclude Include="..\eddsa.h">
      <Filter>Header Files\nettle</Filter>
    </ClInclude>
    <ClInclude Include="..\curve25519.h">
      <Filter>Header Files\nettle</Filter>
    </ClInclude>
    <ClInclude Include="..\memops.h">
      <Filter>Header Files\nettle</Filter>
    </ClInclude>
    <ClInclude Include="..\cfb.h">
      <Filter>Header Files\nettle</Filter>
    </ClInclude>
    <ClInclude Include="..\hkdf.h">
      <Filter>Header Files\nettle</Filter>
    </ClInclude>
    <ClInclude Include="..\pss.h">
      <Filter>Header Files\nettle</Filter>
    </ClInclude>
    <ClInclude Include="..\pss-mgf1.h">
      <Filter>Header Files\nettle</Filter>
    </ClInclude>
    <ClInclude Include="..\umac-internal.h">
      <Filter>Header Files\nettle</Filter>
    </ClInclude>
    <ClInclude Include="..\sha3-internal.h">
      <Filter>Header Files\nettle</Filter>
    </ClInclude>
    <ClInclude Include="..\sha2-internal.h">
      <Filter>Header Files\nettle</Filter>
    </ClInclude>
    <ClInclude Include="..\salsa20-internal.h">
      <Filter>Header Files\nettle</Filter>
    </ClInclude>
    <ClInclude Include="..\ripemd160-internal.h">
      <Filter>Header Files\nettle</Filter>
    </ClInclude>
    <ClInclude Include="..\pkcs1-internal.h">
      <Filter>Header Files\nettle</Filter>
    </ClInclude>
    <ClInclude Include="..\hogweed-internal.h">
      <Filter>Header Files\nettle</Filter>
    </ClInclude>
    <ClInclude Include="..\eddsa-internal.h">
      <Filter>Header Files\nettle</Filter>
    </ClInclude>
    <ClInclude Include="..\dsa-internal.h">
      <Filter>Header Files\nettle</Filter>
    </ClInclude>
    <ClInclude Include="..\ctr-internal.h">
      <Filter>Header Files\nettle</Filter>
    </ClInclude>
    <ClInclude Include="..\chacha-internal.h">
      <Filter>Header Files\nettle</Filter>
    </ClInclude>
    <ClInclude Include="..\cmac.h">
      <Filter>Header Files\nettle</Filter>
    </ClInclude>
    <ClInclude Include="..\xts.h">
      <Filter>Header Files\nettle</Filter>
    </ClInclude>
  </ItemGroup>
  <ItemGroup>
    <ClCompile Include="..\ecc-hash.c">
      <Filter>Source Files</Filter>
    </ClCompile>
    <ClCompile Include="..\ecc-j-to-a.c">
      <Filter>Source Files</Filter>
    </ClCompile>
    <ClCompile Include="..\ecc-mod.c">
      <Filter>Source Files</Filter>
    </ClCompile>
    <ClCompile Include="..\ecc-mul-a.c">
      <Filter>Source Files</Filter>
    </ClCompile>
    <ClCompile Include="..\ecc-mul-g.c">
      <Filter>Source Files</Filter>
    </ClCompile>
    <ClCompile Include="..\ecc-point.c">
      <Filter>Source Files</Filter>
    </ClCompile>
    <ClCompile Include="..\ecc-point-mul.c">
      <Filter>Source Files</Filter>
    </ClCompile>
    <ClCompile Include="..\ecc-point-mul-g.c">
      <Filter>Source Files</Filter>
    </ClCompile>
    <ClCompile Include="..\ecc-random.c">
      <Filter>Source Files</Filter>
    </ClCompile>
    <ClCompile Include="..\ecc-scalar.c">
      <Filter>Source Files</Filter>
    </ClCompile>
    <ClCompile Include="..\ecc-size.c">
      <Filter>Source Files</Filter>
    </ClCompile>
    <ClCompile Include="..\ecdsa-keygen.c">
      <Filter>Source Files</Filter>
    </ClCompile>
    <ClCompile Include="..\ecdsa-sign.c">
      <Filter>Source Files</Filter>
    </ClCompile>
    <ClCompile Include="..\ecdsa-verify.c">
      <Filter>Source Files</Filter>
    </ClCompile>
    <ClCompile Include="..\gmp-glue.c">
      <Filter>Source Files</Filter>
    </ClCompile>
    <ClCompile Include="..\pgp-encode.c">
      <Filter>Source Files</Filter>
    </ClCompile>
    <ClCompile Include="..\pkcs1.c">
      <Filter>Source Files</Filter>
    </ClCompile>
    <ClCompile Include="..\pkcs1-decrypt.c">
      <Filter>Source Files</Filter>
    </ClCompile>
    <ClCompile Include="..\pkcs1-encrypt.c">
      <Filter>Source Files</Filter>
    </ClCompile>
    <ClCompile Include="..\pkcs1-rsa-digest.c">
      <Filter>Source Files</Filter>
    </ClCompile>
    <ClCompile Include="..\pkcs1-rsa-md5.c">
      <Filter>Source Files</Filter>
    </ClCompile>
    <ClCompile Include="..\pkcs1-rsa-sha1.c">
      <Filter>Source Files</Filter>
    </ClCompile>
    <ClCompile Include="..\pkcs1-rsa-sha256.c">
      <Filter>Source Files</Filter>
    </ClCompile>
    <ClCompile Include="..\pkcs1-rsa-sha512.c">
      <Filter>Source Files</Filter>
    </ClCompile>
    <ClCompile Include="..\rsa.c">
      <Filter>Source Files</Filter>
    </ClCompile>
    <ClCompile Include="..\rsa2openpgp.c">
      <Filter>Source Files</Filter>
    </ClCompile>
    <ClCompile Include="..\rsa2sexp.c">
      <Filter>Source Files</Filter>
    </ClCompile>
    <ClCompile Include="..\rsa-blind.c">
      <Filter>Source Files</Filter>
    </ClCompile>
    <ClCompile Include="..\rsa-decrypt.c">
      <Filter>Source Files</Filter>
    </ClCompile>
    <ClCompile Include="..\rsa-decrypt-tr.c">
      <Filter>Source Files</Filter>
    </ClCompile>
    <ClCompile Include="..\rsa-encrypt.c">
      <Filter>Source Files</Filter>
    </ClCompile>
    <ClCompile Include="..\rsa-keygen.c">
      <Filter>Source Files</Filter>
    </ClCompile>
    <ClCompile Include="..\rsa-md5-sign.c">
      <Filter>Source Files</Filter>
    </ClCompile>
    <ClCompile Include="..\rsa-md5-verify.c">
      <Filter>Source Files</Filter>
    </ClCompile>
    <ClCompile Include="..\rsa-pkcs1-sign.c">
      <Filter>Source Files</Filter>
    </ClCompile>
    <ClCompile Include="..\rsa-pkcs1-sign-tr.c">
      <Filter>Source Files</Filter>
    </ClCompile>
    <ClCompile Include="..\rsa-pkcs1-verify.c">
      <Filter>Source Files</Filter>
    </ClCompile>
    <ClCompile Include="..\rsa-sha1-sign.c">
      <Filter>Source Files</Filter>
    </ClCompile>
    <ClCompile Include="..\rsa-sha1-verify.c">
      <Filter>Source Files</Filter>
    </ClCompile>
    <ClCompile Include="..\rsa-sha256-sign.c">
      <Filter>Source Files</Filter>
    </ClCompile>
    <ClCompile Include="..\rsa-sha256-verify.c">
      <Filter>Source Files</Filter>
    </ClCompile>
    <ClCompile Include="..\rsa-sha512-sign.c">
      <Filter>Source Files</Filter>
    </ClCompile>
    <ClCompile Include="..\rsa-sha512-verify.c">
      <Filter>Source Files</Filter>
    </ClCompile>
    <ClCompile Include="..\rsa-sign.c">
      <Filter>Source Files</Filter>
    </ClCompile>
    <ClCompile Include="..\rsa-verify.c">
      <Filter>Source Files</Filter>
    </ClCompile>
    <ClCompile Include="..\sec-add-1.c">
      <Filter>Source Files</Filter>
    </ClCompile>
    <ClCompile Include="..\sec-sub-1.c">
      <Filter>Source Files</Filter>
    </ClCompile>
    <ClCompile Include="..\sec-tabselect.c">
      <Filter>Source Files</Filter>
    </ClCompile>
    <ClCompile Include="..\sexp.c">
      <Filter>Source Files</Filter>
    </ClCompile>
    <ClCompile Include="..\sexp2bignum.c">
      <Filter>Source Files</Filter>
    </ClCompile>
    <ClCompile Include="..\sexp2dsa.c">
      <Filter>Source Files</Filter>
    </ClCompile>
    <ClCompile Include="..\sexp2rsa.c">
      <Filter>Source Files</Filter>
    </ClCompile>
    <ClCompile Include="..\sexp-format.c">
      <Filter>Source Files</Filter>
    </ClCompile>
    <ClCompile Include="..\sexp-transport.c">
      <Filter>Source Files</Filter>
    </ClCompile>
    <ClCompile Include="..\sexp-transport-format.c">
      <Filter>Source Files</Filter>
    </ClCompile>
    <ClCompile Include="..\bignum.c">
      <Filter>Source Files</Filter>
    </ClCompile>
    <ClCompile Include="..\bignum-random.c">
      <Filter>Source Files</Filter>
    </ClCompile>
    <ClCompile Include="..\bignum-random-prime.c">
      <Filter>Source Files</Filter>
    </ClCompile>
    <ClCompile Include="..\cnd-copy.c">
      <Filter>Source Files</Filter>
    </ClCompile>
    <ClCompile Include="..\der2dsa.c">
      <Filter>Source Files</Filter>
    </ClCompile>
    <ClCompile Include="..\der2rsa.c">
      <Filter>Source Files</Filter>
    </ClCompile>
    <ClCompile Include="..\der-iterator.c">
      <Filter>Source Files</Filter>
    </ClCompile>
    <ClCompile Include="..\dsa.c">
      <Filter>Source Files</Filter>
    </ClCompile>
    <ClCompile Include="..\dsa2sexp.c">
      <Filter>Source Files</Filter>
    </ClCompile>
    <ClCompile Include="..\dsa-keygen.c">
      <Filter>Source Files</Filter>
    </ClCompile>
    <ClCompile Include="..\dsa-sha1-sign.c">
      <Filter>Source Files</Filter>
    </ClCompile>
    <ClCompile Include="..\dsa-sha1-verify.c">
      <Filter>Source Files</Filter>
    </ClCompile>
    <ClCompile Include="..\dsa-sha256-sign.c">
      <Filter>Source Files</Filter>
    </ClCompile>
    <ClCompile Include="..\dsa-sha256-verify.c">
      <Filter>Source Files</Filter>
    </ClCompile>
    <ClCompile Include="..\dsa-sign.c">
      <Filter>Source Files</Filter>
    </ClCompile>
    <ClCompile Include="..\dsa-verify.c">
      <Filter>Source Files</Filter>
    </ClCompile>
    <ClCompile Include="..\ecc-192.c">
      <Filter>Source Files</Filter>
    </ClCompile>
    <ClCompile Include="..\ecc-224.c">
      <Filter>Source Files</Filter>
    </ClCompile>
    <ClCompile Include="..\ecc-256.c">
      <Filter>Source Files</Filter>
    </ClCompile>
    <ClCompile Include="..\ecc-384.c">
      <Filter>Source Files</Filter>
    </ClCompile>
    <ClCompile Include="..\ecc-521.c">
      <Filter>Source Files</Filter>
    </ClCompile>
    <ClCompile Include="..\ecc-add-jja.c">
      <Filter>Source Files</Filter>
    </ClCompile>
    <ClCompile Include="..\ecc-add-jjj.c">
      <Filter>Source Files</Filter>
    </ClCompile>
    <ClCompile Include="..\ecc-a-to-j.c">
      <Filter>Source Files</Filter>
    </ClCompile>
    <ClCompile Include="..\ecc-dup-jj.c">
      <Filter>Source Files</Filter>
    </ClCompile>
    <ClCompile Include="..\ecc-ecdsa-sign.c">
      <Filter>Source Files</Filter>
    </ClCompile>
    <ClCompile Include="..\ecc-ecdsa-verify.c">
      <Filter>Source Files</Filter>
    </ClCompile>
    <ClCompile Include="..\dsa-gen-params.c">
      <Filter>Source Files</Filter>
    </ClCompile>
    <ClCompile Include="..\dsa-hash.c">
      <Filter>Source Files</Filter>
    </ClCompile>
    <ClCompile Include="..\dsa-compat.c">
      <Filter>Source Files</Filter>
    </ClCompile>
    <ClCompile Include="..\dsa-compat-keygen.c">
      <Filter>Source Files</Filter>
    </ClCompile>
    <ClCompile Include="..\ecc-mul-g-eh.c">
      <Filter>Source Files</Filter>
    </ClCompile>
    <ClCompile Include="..\ecc-pm1-redc.c">
      <Filter>Source Files</Filter>
    </ClCompile>
    <ClCompile Include="..\ecc-pp1-redc.c">
      <Filter>Source Files</Filter>
    </ClCompile>
    <ClCompile Include="..\ecc-25519.c">
      <Filter>Source Files</Filter>
    </ClCompile>
    <ClCompile Include="..\ecc-add-eh.c">
      <Filter>Source Files</Filter>
    </ClCompile>
    <ClCompile Include="..\ecc-add-ehh.c">
      <Filter>Source Files</Filter>
    </ClCompile>
    <ClCompile Include="..\ecc-dup-eh.c">
      <Filter>Source Files</Filter>
    </ClCompile>
    <ClCompile Include="..\ecc-eh-to-a.c">
      <Filter>Source Files</Filter>
    </ClCompile>
    <ClCompile Include="..\ecc-mod-arith.c">
      <Filter>Source Files</Filter>
    </ClCompile>
    <ClCompile Include="..\ecc-mod-inv.c">
      <Filter>Source Files</Filter>
    </ClCompile>
    <ClCompile Include="..\ecc-mul-a-eh.c">
      <Filter>Source Files</Filter>
    </ClCompile>
    <ClCompile Include="..\curve25519-mul.c">
      <Filter>Source Files</Filter>
    </ClCompile>
    <ClCompile Include="..\curve25519-mul-g.c">
      <Filter>Source Files</Filter>
    </ClCompile>
    <ClCompile Include="..\curve25519-eh-to-x.c">
      <Filter>Source Files</Filter>
    </ClCompile>
    <ClCompile Include="..\eddsa-pubkey.c">
      <Filter>Source Files</Filter>
    </ClCompile>
    <ClCompile Include="..\eddsa-sign.c">
      <Filter>Source Files</Filter>
    </ClCompile>
    <ClCompile Include="..\eddsa-verify.c">
      <Filter>Source Files</Filter>
    </ClCompile>
    <ClCompile Include="..\eddsa-compress.c">
      <Filter>Source Files</Filter>
    </ClCompile>
    <ClCompile Include="..\eddsa-decompress.c">
      <Filter>Source Files</Filter>
    </ClCompile>
    <ClCompile Include="..\eddsa-expand.c">
      <Filter>Source Files</Filter>
    </ClCompile>
    <ClCompile Include="..\eddsa-hash.c">
      <Filter>Source Files</Filter>
    </ClCompile>
    <ClCompile Include="..\ed25519-sha512-verify.c">
      <Filter>Source Files</Filter>
    </ClCompile>
    <ClCompile Include="..\ed25519-sha512-pubkey.c">
      <Filter>Source Files</Filter>
    </ClCompile>
    <ClCompile Include="..\ed25519-sha512-sign.c">
      <Filter>Source Files</Filter>
    </ClCompile>
    <ClCompile Include="..\rsa-sha256-sign-tr.c">
      <Filter>Source Files</Filter>
    </ClCompile>
    <ClCompile Include="..\rsa-sha512-sign-tr.c">
      <Filter>Source Files</Filter>
    </ClCompile>
    <ClCompile Include="..\rsa-sign-tr.c">
      <Filter>Source Files</Filter>
    </ClCompile>
    <ClCompile Include="..\version.c">
      <Filter>Source Files</Filter>
    </ClCompile>
    <ClCompile Include="..\rsa-md5-sign-tr.c">
      <Filter>Source Files</Filter>
    </ClCompile>
    <ClCompile Include="..\rsa-sha1-sign-tr.c">
      <Filter>Source Files</Filter>
    </ClCompile>
    <ClCompile Include="..\pss.c">
      <Filter>Source Files</Filter>
    </ClCompile>
    <ClCompile Include="..\pss-mgf1.c">
      <Filter>Source Files</Filter>
    </ClCompile>
    <ClCompile Include="..\rsa-pss-sha256-sign-tr.c">
      <Filter>Source Files</Filter>
    </ClCompile>
    <ClCompile Include="..\rsa-pss-sha256-verify.c">
      <Filter>Source Files</Filter>
    </ClCompile>
    <ClCompile Include="..\rsa-pss-sha512-sign-tr.c">
      <Filter>Source Files</Filter>
    </ClCompile>
    <ClCompile Include="..\rsa-pss-sha512-verify.c">
      <Filter>Source Files</Filter>
    </ClCompile>
    <ClCompile Include="..\rsa-sec-decrypt.c">
      <Filter>Source Files</Filter>
    </ClCompile>
    <ClCompile Include="..\pkcs1-sec-decrypt.c">
      <Filter>Source Files</Filter>
    </ClCompile>
    <ClCompile Include="..\rsa-sec-compute-root.c">
      <Filter>Source Files</Filter>
    </ClCompile>
  </ItemGroup>
  <ItemGroup>
    <None Include="libhogweed.def">
      <Filter>Resource Files</Filter>
    </None>
  </ItemGroup>
  <ItemGroup>
    <YASM Include="x86_64\ecc-25519-modp.s">
      <Filter>Source Files\x86_64</Filter>
    </YASM>
    <YASM Include="x86_64\ecc-192-modp.s">
      <Filter>Source Files\x86_64</Filter>
    </YASM>
    <YASM Include="x86_64\ecc-224-modp.s">
      <Filter>Source Files\x86_64</Filter>
    </YASM>
    <YASM Include="x86_64\ecc-256-redc.s">
      <Filter>Source Files\x86_64</Filter>
    </YASM>
    <YASM Include="x86_64\ecc-384-modp.s">
      <Filter>Source Files\x86_64</Filter>
    </YASM>
    <YASM Include="x86_64\ecc-521-modp.s">
      <Filter>Source Files\x86_64</Filter>
    </YASM>
  </ItemGroup>
</Project>