
Microsoft Visual Studio Solution File, Format Version 12.00
VisualStudioVersion = 12.0.30723.0
MinimumVisualStudioVersion = 10.0.40219.1
Project("{8BC9CEB8-8B4A-11D0-8D11-00A0C91BC942}") = "libnettle", "libnettle.vcxproj", "{070FEF2B-0C3F-4F33-9D3C-53C7330BF518}"
EndProject
Project("{8BC9CEB8-8B4A-11D0-8D11-00A0C91BC942}") = "libhogweed", "libhogweed.vcxproj", "{200F3D3C-8B84-46D8-953A-6C0EBD283B5C}"
	ProjectSection(ProjectDependencies) = postProject
		{02B94302-23D6-43EF-8865-95CDE99D5DC2} = {02B94302-23D6-43EF-8865-95CDE99D5DC2}
		{070FEF2B-0C3F-4F33-9D3C-53C7330BF518} = {070FEF2B-0C3F-4F33-9D3C-53C7330BF518}
	EndProjectSection
EndProject
Project("{2150E333-8FDC-42A3-9474-1A3956D46DE8}") = "pre-build (optional)", "pre-build (optional)", "{CFAECC3C-F247-49FC-8290-78F7D101E08F}"
EndProject
Project("{8BC9CEB8-8B4A-11D0-8D11-00A0C91BC942}") = "desdata", "desdata.vcxproj", "{90BC19D8-3074-4BB6-BE35-58D46113CBE8}"
EndProject
Project("{8BC9CEB8-8B4A-11D0-8D11-00A0C91BC942}") = "eccdata", "eccdata.vcxproj", "{D8F82459-02FA-4495-A511-BE04A1D07D1A}"
EndProject
Project("{2150E333-8FDC-42A3-9474-1A3956D46DE8}") = "dependencies", "dependencies", "{20D1BF82-D62B-46DC-A5E4-3219F74107F1}"
EndProject
Project("{8BC9CEB8-8B4A-11D0-8D11-00A0C91BC942}") = "libgmp", "..\..\gmp\SMP\libgmp.vcxproj", "{02B94302-23D6-43EF-8865-95CDE99D5DC2}"
EndProject
Global
	GlobalSection(SolutionConfigurationPlatforms) = preSolution
		Debug|x64 = Debug|x64
		Debug|x86 = Debug|x86
		DebugDLL|x64 = DebugDLL|x64
		DebugDLL|x86 = DebugDLL|x86
		DebugDLLStaticDeps|x64 = DebugDLLStaticDeps|x64
		DebugDLLStaticDeps|x86 = DebugDLLStaticDeps|x86
		Release|x64 = Release|x64
		Release|x86 = Release|x86
		ReleaseDLL|x64 = ReleaseDLL|x64
		ReleaseDLL|x86 = ReleaseDLL|x86
		ReleaseDLLStaticDeps|x64 = ReleaseDLLStaticDeps|x64
		ReleaseDLLStaticDeps|x86 = ReleaseDLLStaticDeps|x86
		ReleaseLTO|x64 = ReleaseLTO|x64
		ReleaseLTO|x86 = ReleaseLTO|x86
	EndGlobalSection
	GlobalSection(ProjectConfigurationPlatforms) = postSolution
		{070FEF2B-0C3F-4F33-9D3C-53C7330BF518}.Debug|x64.ActiveCfg = Debug|x64
		{070FEF2B-0C3F-4F33-9D3C-53C7330BF518}.Debug|x64.Build.0 = Debug|x64
		{070FEF2B-0C3F-4F33-9D3C-53C7330BF518}.Debug|x86.ActiveCfg = Debug|Win32
		{070FEF2B-0C3F-4F33-9D3C-53C7330BF518}.Debug|x86.Build.0 = Debug|Win32
		{070FEF2B-0C3F-4F33-9D3C-53C7330BF518}.DebugDLL|x64.ActiveCfg = DebugDLL|x64
		{070FEF2B-0C3F-4F33-9D3C-53C7330BF518}.DebugDLL|x64.Build.0 = DebugDLL|x64
		{070FEF2B-0C3F-4F33-9D3C-53C7330BF518}.DebugDLL|x86.ActiveCfg = DebugDLL|Win32
		{070FEF2B-0C3F-4F33-9D3C-53C7330BF518}.DebugDLL|x86.Build.0 = DebugDLL|Win32
		{070FEF2B-0C3F-4F33-9D3C-53C7330BF518}.DebugDLLStaticDeps|x64.ActiveCfg = DebugDLL|x64
		{070FEF2B-0C3F-4F33-9D3C-53C7330BF518}.DebugDLLStaticDeps|x64.Build.0 = DebugDLL|x64
		{070FEF2B-0C3F-4F33-9D3C-53C7330BF518}.DebugDLLStaticDeps|x86.ActiveCfg = DebugDLL|Win32
		{070FEF2B-0C3F-4F33-9D3C-53C7330BF518}.DebugDLLStaticDeps|x86.Build.0 = DebugDLL|Win32
		{070FEF2B-0C3F-4F33-9D3C-53C7330BF518}.Release|x64.ActiveCfg = Release|x64
		{070FEF2B-0C3F-4F33-9D3C-53C7330BF518}.Release|x64.Build.0 = Release|x64
		{070FEF2B-0C3F-4F33-9D3C-53C7330BF518}.Release|x86.ActiveCfg = Release|Win32
		{070FEF2B-0C3F-4F33-9D3C-53C7330BF518}.Release|x86.Build.0 = Release|Win32
		{070FEF2B-0C3F-4F33-9D3C-53C7330BF518}.ReleaseDLL|x64.ActiveCfg = ReleaseDLL|x64
		{070FEF2B-0C3F-4F33-9D3C-53C7330BF518}.ReleaseDLL|x64.Build.0 = ReleaseDLL|x64
		{070FEF2B-0C3F-4F33-9D3C-53C7330BF518}.ReleaseDLL|x86.ActiveCfg = ReleaseDLL|Win32
		{070FEF2B-0C3F-4F33-9D3C-53C7330BF518}.ReleaseDLL|x86.Build.0 = ReleaseDLL|Win32
		{070FEF2B-0C3F-4F33-9D3C-53C7330BF518}.ReleaseDLLStaticDeps|x64.ActiveCfg = ReleaseDLL|x64
		{070FEF2B-0C3F-4F33-9D3C-53C7330BF518}.ReleaseDLLStaticDeps|x64.Build.0 = ReleaseDLL|x64
		{070FEF2B-0C3F-4F33-9D3C-53C7330BF518}.ReleaseDLLStaticDeps|x86.ActiveCfg = ReleaseDLL|Win32
		{070FEF2B-0C3F-4F33-9D3C-53C7330BF518}.ReleaseDLLStaticDeps|x86.Build.0 = ReleaseDLL|Win32
		{070FEF2B-0C3F-4F33-9D3C-53C7330BF518}.ReleaseLTO|x64.ActiveCfg = ReleaseLTO|x64
		{070FEF2B-0C3F-4F33-9D3C-53C7330BF518}.ReleaseLTO|x64.Build.0 = ReleaseLTO|x64
		{070FEF2B-0C3F-4F33-9D3C-53C7330BF518}.ReleaseLTO|x86.ActiveCfg = ReleaseLTO|Win32
		{070FEF2B-0C3F-4F33-9D3C-53C7330BF518}.ReleaseLTO|x86.Build.0 = ReleaseLTO|Win32
		{200F3D3C-8B84-46D8-953A-6C0EBD283B5C}.Debug|x64.ActiveCfg = Debug|x64
		{200F3D3C-8B84-46D8-953A-6C0EBD283B5C}.Debug|x64.Build.0 = Debug|x64
		{200F3D3C-8B84-46D8-953A-6C0EBD283B5C}.Debug|x86.ActiveCfg = Debug|Win32
		{200F3D3C-8B84-46D8-953A-6C0EBD283B5C}.Debug|x86.Build.0 = Debug|Win32
		{200F3D3C-8B84-46D8-953A-6C0EBD283B5C}.DebugDLL|x64.ActiveCfg = DebugDLL|x64
		{200F3D3C-8B84-46D8-953A-6C0EBD283B5C}.DebugDLL|x64.Build.0 = DebugDLL|x64
		{200F3D3C-8B84-46D8-953A-6C0EBD283B5C}.DebugDLL|x86.ActiveCfg = DebugDLL|Win32
		{200F3D3C-8B84-46D8-953A-6C0EBD283B5C}.DebugDLL|x86.Build.0 = DebugDLL|Win32
		{200F3D3C-8B84-46D8-953A-6C0EBD283B5C}.DebugDLLStaticDeps|x64.ActiveCfg = DebugDLLStaticDeps|x64
		{200F3D3C-8B84-46D8-953A-6C0EBD283B5C}.DebugDLLStaticDeps|x64.Build.0 = DebugDLLStaticDeps|x64
		{200F3D3C-8B84-46D8-953A-6C0EBD283B5C}.DebugDLLStaticDeps|x86.ActiveCfg = DebugDLLStaticDeps|Win32
		{200F3D3C-8B84-46D8-953A-6C0EBD283B5C}.DebugDLLStaticDeps|x86.Build.0 = DebugDLLStaticDeps|Win32
		{200F3D3C-8B84-46D8-953A-6C0EBD283B5C}.Release|x64.ActiveCfg = Release|x64
		{200F3D3C-8B84-46D8-953A-6C0EBD283B5C}.Release|x64.Build.0 = Release|x64
		{200F3D3C-8B84-46D8-953A-6C0EBD283B5C}.Release|x86.ActiveCfg = Release|Win32
		{200F3D3C-8B84-46D8-953A-6C0EBD283B5C}.Release|x86.Build.0 = Release|Win32
		{200F3D3C-8B84-46D8-953A-6C0EBD283B5C}.ReleaseDLL|x64.ActiveCfg = ReleaseDLL|x64
		{200F3D3C-8B84-46D8-953A-6C0EBD283B5C}.ReleaseDLL|x64.Build.0 = ReleaseDLL|x64
		{200F3D3C-8B84-46D8-953A-6C0EBD283B5C}.ReleaseDLL|x86.ActiveCfg = ReleaseDLL|Win32
		{200F3D3C-8B84-46D8-953A-6C0EBD283B5C}.ReleaseDLL|x86.Build.0 = ReleaseDLL|Win32
		{200F3D3C-8B84-46D8-953A-6C0EBD283B5C}.ReleaseDLLStaticDeps|x64.ActiveCfg = ReleaseDLLStaticDeps|x64
		{200F3D3C-8B84-46D8-953A-6C0EBD283B5C}.ReleaseDLLStaticDeps|x64.Build.0 = ReleaseDLLStaticDeps|x64
		{200F3D3C-8B84-46D8-953A-6C0EBD283B5C}.ReleaseDLLStaticDeps|x86.ActiveCfg = ReleaseDLLStaticDeps|Win32
		{200F3D3C-8B84-46D8-953A-6C0EBD283B5C}.ReleaseDLLStaticDeps|x86.Build.0 = ReleaseDLLStaticDeps|Win32
		{200F3D3C-8B84-46D8-953A-6C0EBD283B5C}.ReleaseLTO|x64.ActiveCfg = ReleaseLTO|x64
		{200F3D3C-8B84-46D8-953A-6C0EBD283B5C}.ReleaseLTO|x64.Build.0 = ReleaseLTO|x64
		{200F3D3C-8B84-46D8-953A-6C0EBD283B5C}.ReleaseLTO|x86.ActiveCfg = ReleaseLTO|Win32
		{200F3D3C-8B84-46D8-953A-6C0EBD283B5C}.ReleaseLTO|x86.Build.0 = ReleaseLTO|Win32
		{90BC19D8-3074-4BB6-BE35-58D46113CBE8}.Debug|x64.ActiveCfg = Debug|x64
		{90BC19D8-3074-4BB6-BE35-58D46113CBE8}.Debug|x86.ActiveCfg = Debug|Win32
		{90BC19D8-3074-4BB6-BE35-58D46113CBE8}.DebugDLL|x64.ActiveCfg = Debug|x64
		{90BC19D8-3074-4BB6-BE35-58D46113CBE8}.DebugDLL|x86.ActiveCfg = Debug|Win32
		{90BC19D8-3074-4BB6-BE35-58D46113CBE8}.DebugDLLStaticDeps|x64.ActiveCfg = Debug|x64
		{90BC19D8-3074-4BB6-BE35-58D46113CBE8}.DebugDLLStaticDeps|x86.ActiveCfg = Debug|Win32
		{90BC19D8-3074-4BB6-BE35-58D46113CBE8}.Release|x64.ActiveCfg = Release|x64
		{90BC19D8-3074-4BB6-BE35-58D46113CBE8}.Release|x86.ActiveCfg = Release|Win32
		{90BC19D8-3074-4BB6-BE35-58D46113CBE8}.ReleaseDLL|x64.ActiveCfg = Release|x64
		{90BC19D8-3074-4BB6-BE35-58D46113CBE8}.ReleaseDLL|x86.ActiveCfg = Release|Win32
		{90BC19D8-3074-4BB6-BE35-58D46113CBE8}.ReleaseDLLStaticDeps|x64.ActiveCfg = Release|x64
		{90BC19D8-3074-4BB6-BE35-58D46113CBE8}.ReleaseDLLStaticDeps|x86.ActiveCfg = Release|Win32
		{90BC19D8-3074-4BB6-BE35-58D46113CBE8}.ReleaseLTO|x64.ActiveCfg = Release|x64
		{90BC19D8-3074-4BB6-BE35-58D46113CBE8}.ReleaseLTO|x86.ActiveCfg = Release|Win32
		{D8F82459-02FA-4495-A511-BE04A1D07D1A}.Debug|x64.ActiveCfg = Debug|x64
		{D8F82459-02FA-4495-A511-BE04A1D07D1A}.Debug|x86.ActiveCfg = Debug|Win32
		{D8F82459-02FA-4495-A511-BE04A1D07D1A}.DebugDLL|x64.ActiveCfg = Debug|x64
		{D8F82459-02FA-4495-A511-BE04A1D07D1A}.DebugDLL|x86.ActiveCfg = Debug|Win32
		{D8F82459-02FA-4495-A511-BE04A1D07D1A}.DebugDLLStaticDeps|x64.ActiveCfg = Debug|x64
		{D8F82459-02FA-4495-A511-BE04A1D07D1A}.DebugDLLStaticDeps|x86.ActiveCfg = Debug|Win32
		{D8F82459-02FA-4495-A511-BE04A1D07D1A}.Release|x64.ActiveCfg = Release|x64
		{D8F82459-02FA-4495-A511-BE04A1D07D1A}.Release|x86.ActiveCfg = Release|Win32
		{D8F82459-02FA-4495-A511-BE04A1D07D1A}.ReleaseDLL|x64.ActiveCfg = Release|x64
		{D8F82459-02FA-4495-A511-BE04A1D07D1A}.ReleaseDLL|x86.ActiveCfg = Release|Win32
		{D8F82459-02FA-4495-A511-BE04A1D07D1A}.ReleaseDLLStaticDeps|x64.ActiveCfg = Release|x64
		{D8F82459-02FA-4495-A511-BE04A1D07D1A}.ReleaseDLLStaticDeps|x86.ActiveCfg = Release|Win32
		{D8F82459-02FA-4495-A511-BE04A1D07D1A}.ReleaseLTO|x64.ActiveCfg = Release|x64
		{D8F82459-02FA-4495-A511-BE04A1D07D1A}.ReleaseLTO|x86.ActiveCfg = Release|Win32
		{02B94302-23D6-43EF-8865-95CDE99D5DC2}.Debug|x64.ActiveCfg = Debug|x64
		{02B94302-23D6-43EF-8865-95CDE99D5DC2}.Debug|x64.Build.0 = Debug|x64
		{02B94302-23D6-43EF-8865-95CDE99D5DC2}.Debug|x86.ActiveCfg = Debug|Win32
		{02B94302-23D6-43EF-8865-95CDE99D5DC2}.Debug|x86.Build.0 = Debug|Win32
		{02B94302-23D6-43EF-8865-95CDE99D5DC2}.DebugDLL|x64.ActiveCfg = DebugDLL|x64
		{02B94302-23D6-43EF-8865-95CDE99D5DC2}.DebugDLL|x64.Build.0 = DebugDLL|x64
		{02B94302-23D6-43EF-8865-95CDE99D5DC2}.DebugDLL|x86.ActiveCfg = DebugDLL|Win32
		{02B94302-23D6-43EF-8865-95CDE99D5DC2}.DebugDLL|x86.Build.0 = DebugDLL|Win32
		{02B94302-23D6-43EF-8865-95CDE99D5DC2}.DebugDLLStaticDeps|x64.ActiveCfg = Debug|x64
		{02B94302-23D6-43EF-8865-95CDE99D5DC2}.DebugDLLStaticDeps|x64.Build.0 = Debug|x64
		{02B94302-23D6-43EF-8865-95CDE99D5DC2}.DebugDLLStaticDeps|x86.ActiveCfg = Debug|Win32
		{02B94302-23D6-43EF-8865-95CDE99D5DC2}.DebugDLLStaticDeps|x86.Build.0 = Debug|Win32
		{02B94302-23D6-43EF-8865-95CDE99D5DC2}.Release|x64.ActiveCfg = Release|x64
		{02B94302-23D6-43EF-8865-95CDE99D5DC2}.Release|x64.Build.0 = Release|x64
		{02B94302-23D6-43EF-8865-95CDE99D5DC2}.Release|x86.ActiveCfg = Release|Win32
		{02B94302-23D6-43EF-8865-95CDE99D5DC2}.Release|x86.Build.0 = Release|Win32
		{02B94302-23D6-43EF-8865-95CDE99D5DC2}.ReleaseDLL|x64.ActiveCfg = ReleaseDLL|x64
		{02B94302-23D6-43EF-8865-95CDE99D5DC2}.ReleaseDLL|x64.Build.0 = ReleaseDLL|x64
		{02B94302-23D6-43EF-8865-95CDE99D5DC2}.ReleaseDLL|x86.ActiveCfg = ReleaseDLL|Win32
		{02B94302-23D6-43EF-8865-95CDE99D5DC2}.ReleaseDLL|x86.Build.0 = ReleaseDLL|Win32
		{02B94302-23D6-43EF-8865-95CDE99D5DC2}.ReleaseDLLStaticDeps|x64.ActiveCfg = Release|x64
		{02B94302-23D6-43EF-8865-95CDE99D5DC2}.ReleaseDLLStaticDeps|x64.Build.0 = Release|x64
		{02B94302-23D6-43EF-8865-95CDE99D5DC2}.ReleaseDLLStaticDeps|x86.ActiveCfg = Release|Win32
		{02B94302-23D6-43EF-8865-95CDE99D5DC2}.ReleaseDLLStaticDeps|x86.Build.0 = Release|Win32
		{02B94302-23D6-43EF-8865-95CDE99D5DC2}.ReleaseLTO|x64.ActiveCfg = ReleaseLTO|x64
		{02B94302-23D6-43EF-8865-95CDE99D5DC2}.ReleaseLTO|x64.Build.0 = ReleaseLTO|x64
		{02B94302-23D6-43EF-8865-95CDE99D5DC2}.ReleaseLTO|x86.ActiveCfg = ReleaseLTO|Win32
		{02B94302-23D6-43EF-8865-95CDE99D5DC2}.ReleaseLTO|x86.Build.0 = ReleaseLTO|Win32
	EndGlobalSection
	GlobalSection(SolutionProperties) = preSolution
		HideSolutionNode = FALSE
	EndGlobalSection
	GlobalSection(NestedProjects) = preSolution
		{90BC19D8-3074-4BB6-BE35-58D46113CBE8} = {CFAECC3C-F247-49FC-8290-78F7D101E08F}
		{D8F82459-02FA-4495-A511-BE04A1D07D1A} = {CFAECC3C-F247-49FC-8290-78F7D101E08F}
		{02B94302-23D6-43EF-8865-95CDE99D5DC2} = {20D1BF82-D62B-46DC-A5E4-3219F74107F1}
	EndGlobalSection
EndGlobal
