
Microsoft Visual Studio Solution File, Format Version 12.00
VisualStudioVersion = 12.0.30501.0
MinimumVisualStudioVersion = 12.0.30501.0
Project("{8BC9CEB8-8B4A-11D0-8D11-00A0C91BC942}") = "libnettle", "libnettle.vcxproj", "{070FEF2B-0C3F-4F33-9D3C-53C7330BF518}"
	ProjectSection(ProjectDependencies) = postProject
		{02B94302-23D6-43EF-8865-95CDE99D5DC2} = {02B94302-23D6-43EF-8865-95CDE99D5DC2}
	EndProjectSection
EndProject
Project("{8BC9CEB8-8B4A-11D0-8D11-00A0C91BC942}") = "libhogweed", "libhogweed.vcxproj", "{200F3D3C-8B84-46D8-953A-6C0EBD283B5C}"
	ProjectSection(ProjectDependencies) = postProject
		{02B94302-23D6-43EF-8865-95CDE99D5DC2} = {02B94302-23D6-43EF-8865-95CDE99D5DC2}
		{070FEF2B-0C3F-4F33-9D3C-53C7330BF518} = {070FEF2B-0C3F-4F33-9D3C-53C7330BF518}
	EndProjectSection
EndProject
Project("{2150E333-8FDC-42A3-9474-1A3956D46DE8}") = "pre-build (optional)", "pre-build (optional)", "{B3E16041-0796-40E2-A1CB-4C05890F6EA4}"
EndProject
Project("{8BC9CEB8-8B4A-11D0-8D11-00A0C91BC942}") = "desdata", "desdata.vcxproj", "{90BC19D8-3074-4BB6-BE35-58D46113CBE8}"
EndProject
Project("{8BC9CEB8-8B4A-11D0-8D11-00A0C91BC942}") = "eccdata", "eccdata.vcxproj", "{D8F82459-02FA-4495-A511-BE04A1D07D1A}"
EndProject
Project("{2150E333-8FDC-42A3-9474-1A3956D46DE8}") = "dependencies", "dependencies", "{1AFCCA3A-B799-4998-83B4-DA3F8E5CA526}"
EndProject
Project("{8BC9CEB8-8B4A-11D0-8D11-00A0C91BC942}") = "libgmp", "..\..\gmp\SMP\libgmp.vcxproj", "{02B94302-23D6-43EF-8865-95CDE99D5DC2}"
EndProject
Global
	GlobalSection(SolutionConfigurationPlatforms) = preSolution
		Debug|x64 = Debug|x64
		Debug|x86 = Debug|x86
		DebugDLL|x64 = DebugDLL|x64
		DebugDLL|x86 = DebugDLL|x86
		DebugDLLWinRT|x64 = DebugDLLWinRT|x64
		DebugDLLWinRT|x86 = DebugDLLWinRT|x86
		DebugWinRT|x64 = DebugWinRT|x64
		DebugWinRT|x86 = DebugWinRT|x86
		Release|x64 = Release|x64
		Release|x86 = Release|x86
		ReleaseDLL|x64 = ReleaseDLL|x64
		ReleaseDLL|x86 = ReleaseDLL|x86
		ReleaseDLLStaticDeps|x64 = ReleaseDLLStaticDeps|x64
		ReleaseDLLStaticDeps|x86 = ReleaseDLLStaticDeps|x86
		ReleaseDLLWinRT|x64 = ReleaseDLLWinRT|x64
		ReleaseDLLWinRT|x86 = ReleaseDLLWinRT|x86
		ReleaseDLLWinRTStaticDeps|x64 = ReleaseDLLWinRTStaticDeps|x64
		ReleaseDLLWinRTStaticDeps|x86 = ReleaseDLLWinRTStaticDeps|x86
		ReleaseWinRT|x64 = ReleaseWinRT|x64
		ReleaseWinRT|x86 = ReleaseWinRT|x86
	EndGlobalSection
	GlobalSection(ProjectConfigurationPlatforms) = postSolution
		{070FEF2B-0C3F-4F33-9D3C-53C7330BF518}.Debug|x64.ActiveCfg = Debug|x64
		{070FEF2B-0C3F-4F33-9D3C-53C7330BF518}.Debug|x64.Build.0 = Debug|x64
		{070FEF2B-0C3F-4F33-9D3C-53C7330BF518}.Debug|x86.ActiveCfg = Debug|Win32
		{070FEF2B-0C3F-4F33-9D3C-53C7330BF518}.Debug|x86.Build.0 = Debug|Win32
		{070FEF2B-0C3F-4F33-9D3C-53C7330BF518}.DebugDLL|x64.ActiveCfg = DebugDLL|x64
		{070FEF2B-0C3F-4F33-9D3C-53C7330BF518}.DebugDLL|x64.Build.0 = DebugDLL|x64
		{070FEF2B-0C3F-4F33-9D3C-53C7330BF518}.DebugDLL|x86.ActiveCfg = DebugDLL|Win32
		{070FEF2B-0C3F-4F33-9D3C-53C7330BF518}.DebugDLL|x86.Build.0 = DebugDLL|Win32
		{070FEF2B-0C3F-4F33-9D3C-53C7330BF518}.DebugDLLWinRT|x64.ActiveCfg = DebugDLLWinRT|x64
		{070FEF2B-0C3F-4F33-9D3C-53C7330BF518}.DebugDLLWinRT|x64.Build.0 = DebugDLLWinRT|x64
		{070FEF2B-0C3F-4F33-9D3C-53C7330BF518}.DebugDLLWinRT|x86.ActiveCfg = DebugDLLWinRT|Win32
		{070FEF2B-0C3F-4F33-9D3C-53C7330BF518}.DebugDLLWinRT|x86.Build.0 = DebugDLLWinRT|Win32
		{070FEF2B-0C3F-4F33-9D3C-53C7330BF518}.DebugWinRT|x64.ActiveCfg = DebugWinRT|x64
		{070FEF2B-0C3F-4F33-9D3C-53C7330BF518}.DebugWinRT|x64.Build.0 = DebugWinRT|x64
		{070FEF2B-0C3F-4F33-9D3C-53C7330BF518}.DebugWinRT|x86.ActiveCfg = DebugWinRT|Win32
		{070FEF2B-0C3F-4F33-9D3C-53C7330BF518}.DebugWinRT|x86.Build.0 = DebugWinRT|Win32
		{070FEF2B-0C3F-4F33-9D3C-53C7330BF518}.Release|x64.ActiveCfg = Release|x64
		{070FEF2B-0C3F-4F33-9D3C-53C7330BF518}.Release|x64.Build.0 = Release|x64
		{070FEF2B-0C3F-4F33-9D3C-53C7330BF518}.Release|x86.ActiveCfg = Release|Win32
		{070FEF2B-0C3F-4F33-9D3C-53C7330BF518}.Release|x86.Build.0 = Release|Win32
		{070FEF2B-0C3F-4F33-9D3C-53C7330BF518}.ReleaseDLL|x64.ActiveCfg = ReleaseDLL|x64
		{070FEF2B-0C3F-4F33-9D3C-53C7330BF518}.ReleaseDLL|x64.Build.0 = ReleaseDLL|x64
		{070FEF2B-0C3F-4F33-9D3C-53C7330BF518}.ReleaseDLL|x86.ActiveCfg = ReleaseDLL|Win32
		{070FEF2B-0C3F-4F33-9D3C-53C7330BF518}.ReleaseDLL|x86.Build.0 = ReleaseDLL|Win32
		{070FEF2B-0C3F-4F33-9D3C-53C7330BF518}.ReleaseDLLStaticDeps|x64.ActiveCfg = ReleaseDLLStaticDeps|x64
		{070FEF2B-0C3F-4F33-9D3C-53C7330BF518}.ReleaseDLLStaticDeps|x64.Build.0 = ReleaseDLLStaticDeps|x64
		{070FEF2B-0C3F-4F33-9D3C-53C7330BF518}.ReleaseDLLStaticDeps|x86.ActiveCfg = ReleaseDLLStaticDeps|Win32
		{070FEF2B-0C3F-4F33-9D3C-53C7330BF518}.ReleaseDLLStaticDeps|x86.Build.0 = ReleaseDLLStaticDeps|Win32
		{070FEF2B-0C3F-4F33-9D3C-53C7330BF518}.ReleaseDLLWinRT|x64.ActiveCfg = ReleaseDLLWinRT|x64
		{070FEF2B-0C3F-4F33-9D3C-53C7330BF518}.ReleaseDLLWinRT|x64.Build.0 = ReleaseDLLWinRT|x64
		{070FEF2B-0C3F-4F33-9D3C-53C7330BF518}.ReleaseDLLWinRT|x86.ActiveCfg = ReleaseDLLWinRT|Win32
		{070FEF2B-0C3F-4F33-9D3C-53C7330BF518}.ReleaseDLLWinRT|x86.Build.0 = ReleaseDLLWinRT|Win32
		{070FEF2B-0C3F-4F33-9D3C-53C7330BF518}.ReleaseDLLWinRTStaticDeps|x64.ActiveCfg = ReleaseDLLWinRTStaticDeps|x64
		{070FEF2B-0C3F-4F33-9D3C-53C7330BF518}.ReleaseDLLWinRTStaticDeps|x64.Build.0 = ReleaseDLLWinRTStaticDeps|x64
		{070FEF2B-0C3F-4F33-9D3C-53C7330BF518}.ReleaseDLLWinRTStaticDeps|x86.ActiveCfg = ReleaseDLLWinRTStaticDeps|Win32
		{070FEF2B-0C3F-4F33-9D3C-53C7330BF518}.ReleaseDLLWinRTStaticDeps|x86.Build.0 = ReleaseDLLWinRTStaticDeps|Win32
		{070FEF2B-0C3F-4F33-9D3C-53C7330BF518}.ReleaseWinRT|x64.ActiveCfg = ReleaseWinRT|x64
		{070FEF2B-0C3F-4F33-9D3C-53C7330BF518}.ReleaseWinRT|x64.Build.0 = ReleaseWinRT|x64
		{070FEF2B-0C3F-4F33-9D3C-53C7330BF518}.ReleaseWinRT|x86.ActiveCfg = ReleaseWinRT|Win32
		{070FEF2B-0C3F-4F33-9D3C-53C7330BF518}.ReleaseWinRT|x86.Build.0 = ReleaseWinRT|Win32
		{200F3D3C-8B84-46D8-953A-6C0EBD283B5C}.Debug|x64.ActiveCfg = Debug|x64
		{200F3D3C-8B84-46D8-953A-6C0EBD283B5C}.Debug|x64.Build.0 = Debug|x64
		{200F3D3C-8B84-46D8-953A-6C0EBD283B5C}.Debug|x86.ActiveCfg = Debug|Win32
		{200F3D3C-8B84-46D8-953A-6C0EBD283B5C}.Debug|x86.Build.0 = Debug|Win32
		{200F3D3C-8B84-46D8-953A-6C0EBD283B5C}.DebugDLL|x64.ActiveCfg = DebugDLL|x64
		{200F3D3C-8B84-46D8-953A-6C0EBD283B5C}.DebugDLL|x64.Build.0 = DebugDLL|x64
		{200F3D3C-8B84-46D8-953A-6C0EBD283B5C}.DebugDLL|x86.ActiveCfg = DebugDLL|Win32
		{200F3D3C-8B84-46D8-953A-6C0EBD283B5C}.DebugDLL|x86.Build.0 = DebugDLL|Win32
		{200F3D3C-8B84-46D8-953A-6C0EBD283B5C}.DebugDLLWinRT|x64.ActiveCfg = DebugDLLWinRT|x64
		{200F3D3C-8B84-46D8-953A-6C0EBD283B5C}.DebugDLLWinRT|x64.Build.0 = DebugDLLWinRT|x64
		{200F3D3C-8B84-46D8-953A-6C0EBD283B5C}.DebugDLLWinRT|x86.ActiveCfg = DebugDLLWinRT|Win32
		{200F3D3C-8B84-46D8-953A-6C0EBD283B5C}.DebugDLLWinRT|x86.Build.0 = DebugDLLWinRT|Win32
		{200F3D3C-8B84-46D8-953A-6C0EBD283B5C}.DebugWinRT|x64.ActiveCfg = DebugWinRT|x64
		{200F3D3C-8B84-46D8-953A-6C0EBD283B5C}.DebugWinRT|x64.Build.0 = DebugWinRT|x64
		{200F3D3C-8B84-46D8-953A-6C0EBD283B5C}.DebugWinRT|x86.ActiveCfg = DebugWinRT|Win32
		{200F3D3C-8B84-46D8-953A-6C0EBD283B5C}.DebugWinRT|x86.Build.0 = DebugWinRT|Win32
		{200F3D3C-8B84-46D8-953A-6C0EBD283B5C}.Release|x64.ActiveCfg = Release|x64
		{200F3D3C-8B84-46D8-953A-6C0EBD283B5C}.Release|x64.Build.0 = Release|x64
		{200F3D3C-8B84-46D8-953A-6C0EBD283B5C}.Release|x86.ActiveCfg = Release|Win32
		{200F3D3C-8B84-46D8-953A-6C0EBD283B5C}.Release|x86.Build.0 = Release|Win32
		{200F3D3C-8B84-46D8-953A-6C0EBD283B5C}.ReleaseDLL|x64.ActiveCfg = ReleaseDLL|x64
		{200F3D3C-8B84-46D8-953A-6C0EBD283B5C}.ReleaseDLL|x64.Build.0 = ReleaseDLL|x64
		{200F3D3C-8B84-46D8-953A-6C0EBD283B5C}.ReleaseDLL|x86.ActiveCfg = ReleaseDLL|Win32
		{200F3D3C-8B84-46D8-953A-6C0EBD283B5C}.ReleaseDLL|x86.Build.0 = ReleaseDLL|Win32
		{200F3D3C-8B84-46D8-953A-6C0EBD283B5C}.ReleaseDLLStaticDeps|x64.ActiveCfg = ReleaseDLLStaticDeps|x64
		{200F3D3C-8B84-46D8-953A-6C0EBD283B5C}.ReleaseDLLStaticDeps|x64.Build.0 = ReleaseDLLStaticDeps|x64
		{200F3D3C-8B84-46D8-953A-6C0EBD283B5C}.ReleaseDLLStaticDeps|x86.ActiveCfg = ReleaseDLLStaticDeps|Win32
		{200F3D3C-8B84-46D8-953A-6C0EBD283B5C}.ReleaseDLLStaticDeps|x86.Build.0 = ReleaseDLLStaticDeps|Win32
		{200F3D3C-8B84-46D8-953A-6C0EBD283B5C}.ReleaseDLLWinRT|x64.ActiveCfg = ReleaseDLLWinRT|x64
		{200F3D3C-8B84-46D8-953A-6C0EBD283B5C}.ReleaseDLLWinRT|x64.Build.0 = ReleaseDLLWinRT|x64
		{200F3D3C-8B84-46D8-953A-6C0EBD283B5C}.ReleaseDLLWinRT|x86.ActiveCfg = ReleaseDLLWinRT|Win32
		{200F3D3C-8B84-46D8-953A-6C0EBD283B5C}.ReleaseDLLWinRT|x86.Build.0 = ReleaseDLLWinRT|Win32
		{200F3D3C-8B84-46D8-953A-6C0EBD283B5C}.ReleaseDLLWinRTStaticDeps|x64.ActiveCfg = ReleaseDLLWinRTStaticDeps|x64
		{200F3D3C-8B84-46D8-953A-6C0EBD283B5C}.ReleaseDLLWinRTStaticDeps|x64.Build.0 = ReleaseDLLWinRTStaticDeps|x64
		{200F3D3C-8B84-46D8-953A-6C0EBD283B5C}.ReleaseDLLWinRTStaticDeps|x86.ActiveCfg = ReleaseDLLWinRTStaticDeps|Win32
		{200F3D3C-8B84-46D8-953A-6C0EBD283B5C}.ReleaseDLLWinRTStaticDeps|x86.Build.0 = ReleaseDLLWinRTStaticDeps|Win32
		{200F3D3C-8B84-46D8-953A-6C0EBD283B5C}.ReleaseWinRT|x64.ActiveCfg = ReleaseWinRT|x64
		{200F3D3C-8B84-46D8-953A-6C0EBD283B5C}.ReleaseWinRT|x64.Build.0 = ReleaseWinRT|x64
		{200F3D3C-8B84-46D8-953A-6C0EBD283B5C}.ReleaseWinRT|x86.ActiveCfg = ReleaseWinRT|Win32
		{200F3D3C-8B84-46D8-953A-6C0EBD283B5C}.ReleaseWinRT|x86.Build.0 = ReleaseWinRT|Win32
		{90BC19D8-3074-4BB6-BE35-58D46113CBE8}.Debug|x64.ActiveCfg = Debug|x64
		{90BC19D8-3074-4BB6-BE35-58D46113CBE8}.Debug|x86.ActiveCfg = Debug|Win32
		{90BC19D8-3074-4BB6-BE35-58D46113CBE8}.DebugDLL|x64.ActiveCfg = Debug|x64
		{90BC19D8-3074-4BB6-BE35-58D46113CBE8}.DebugDLL|x86.ActiveCfg = Debug|Win32
		{90BC19D8-3074-4BB6-BE35-58D46113CBE8}.DebugDLLWinRT|x64.ActiveCfg = Debug|x64
		{90BC19D8-3074-4BB6-BE35-58D46113CBE8}.DebugDLLWinRT|x86.ActiveCfg = Debug|Win32
		{90BC19D8-3074-4BB6-BE35-58D46113CBE8}.DebugWinRT|x64.ActiveCfg = Debug|x64
		{90BC19D8-3074-4BB6-BE35-58D46113CBE8}.DebugWinRT|x86.ActiveCfg = Debug|Win32
		{90BC19D8-3074-4BB6-BE35-58D46113CBE8}.Release|x64.ActiveCfg = Release|x64
		{90BC19D8-3074-4BB6-BE35-58D46113CBE8}.Release|x86.ActiveCfg = Release|Win32
		{90BC19D8-3074-4BB6-BE35-58D46113CBE8}.ReleaseDLL|x64.ActiveCfg = Release|x64
		{90BC19D8-3074-4BB6-BE35-58D46113CBE8}.ReleaseDLL|x86.ActiveCfg = Release|Win32
		{90BC19D8-3074-4BB6-BE35-58D46113CBE8}.ReleaseDLLStaticDeps|x64.ActiveCfg = Release|x64
		{90BC19D8-3074-4BB6-BE35-58D46113CBE8}.ReleaseDLLStaticDeps|x86.ActiveCfg = Release|Win32
		{90BC19D8-3074-4BB6-BE35-58D46113CBE8}.ReleaseDLLWinRT|x64.ActiveCfg = Release|x64
		{90BC19D8-3074-4BB6-BE35-58D46113CBE8}.ReleaseDLLWinRT|x86.ActiveCfg = Release|Win32
		{90BC19D8-3074-4BB6-BE35-58D46113CBE8}.ReleaseDLLWinRTStaticDeps|x64.ActiveCfg = Release|x64
		{90BC19D8-3074-4BB6-BE35-58D46113CBE8}.ReleaseDLLWinRTStaticDeps|x86.ActiveCfg = Release|Win32
		{90BC19D8-3074-4BB6-BE35-58D46113CBE8}.ReleaseWinRT|x64.ActiveCfg = Release|x64
		{90BC19D8-3074-4BB6-BE35-58D46113CBE8}.ReleaseWinRT|x86.ActiveCfg = Release|Win32
		{D8F82459-02FA-4495-A511-BE04A1D07D1A}.Debug|x64.ActiveCfg = Debug|x64
		{D8F82459-02FA-4495-A511-BE04A1D07D1A}.Debug|x86.ActiveCfg = Debug|Win32
		{D8F82459-02FA-4495-A511-BE04A1D07D1A}.DebugDLL|x64.ActiveCfg = Debug|x64
		{D8F82459-02FA-4495-A511-BE04A1D07D1A}.DebugDLL|x86.ActiveCfg = Debug|Win32
		{D8F82459-02FA-4495-A511-BE04A1D07D1A}.DebugDLLWinRT|x64.ActiveCfg = Debug|x64
		{D8F82459-02FA-4495-A511-BE04A1D07D1A}.DebugDLLWinRT|x86.ActiveCfg = Debug|Win32
		{D8F82459-02FA-4495-A511-BE04A1D07D1A}.DebugWinRT|x64.ActiveCfg = Debug|x64
		{D8F82459-02FA-4495-A511-BE04A1D07D1A}.DebugWinRT|x86.ActiveCfg = Debug|Win32
		{D8F82459-02FA-4495-A511-BE04A1D07D1A}.Release|x64.ActiveCfg = Release|x64
		{D8F82459-02FA-4495-A511-BE04A1D07D1A}.Release|x86.ActiveCfg = Release|Win32
		{D8F82459-02FA-4495-A511-BE04A1D07D1A}.ReleaseDLL|x64.ActiveCfg = Release|x64
		{D8F82459-02FA-4495-A511-BE04A1D07D1A}.ReleaseDLL|x86.ActiveCfg = Release|Win32
		{D8F82459-02FA-4495-A511-BE04A1D07D1A}.ReleaseDLLStaticDeps|x64.ActiveCfg = Release|x64
		{D8F82459-02FA-4495-A511-BE04A1D07D1A}.ReleaseDLLStaticDeps|x86.ActiveCfg = Release|Win32
		{D8F82459-02FA-4495-A511-BE04A1D07D1A}.ReleaseDLLWinRT|x64.ActiveCfg = Release|x64
		{D8F82459-02FA-4495-A511-BE04A1D07D1A}.ReleaseDLLWinRT|x86.ActiveCfg = Release|Win32
		{D8F82459-02FA-4495-A511-BE04A1D07D1A}.ReleaseDLLWinRTStaticDeps|x64.ActiveCfg = Release|x64
		{D8F82459-02FA-4495-A511-BE04A1D07D1A}.ReleaseDLLWinRTStaticDeps|x86.ActiveCfg = Release|Win32
		{D8F82459-02FA-4495-A511-BE04A1D07D1A}.ReleaseWinRT|x64.ActiveCfg = Release|x64
		{D8F82459-02FA-4495-A511-BE04A1D07D1A}.ReleaseWinRT|x86.ActiveCfg = Release|Win32
		{02B94302-23D6-43EF-8865-95CDE99D5DC2}.Debug|x64.ActiveCfg = Debug|x64
		{02B94302-23D6-43EF-8865-95CDE99D5DC2}.Debug|x64.Build.0 = Debug|x64
		{02B94302-23D6-43EF-8865-95CDE99D5DC2}.Debug|x86.ActiveCfg = Debug|Win32
		{02B94302-23D6-43EF-8865-95CDE99D5DC2}.Debug|x86.Build.0 = Debug|Win32
		{02B94302-23D6-43EF-8865-95CDE99D5DC2}.DebugDLL|x64.ActiveCfg = DebugDLL|x64
		{02B94302-23D6-43EF-8865-95CDE99D5DC2}.DebugDLL|x64.Build.0 = DebugDLL|x64
		{02B94302-23D6-43EF-8865-95CDE99D5DC2}.DebugDLL|x86.ActiveCfg = DebugDLL|Win32
		{02B94302-23D6-43EF-8865-95CDE99D5DC2}.DebugDLL|x86.Build.0 = DebugDLL|Win32
		{02B94302-23D6-43EF-8865-95CDE99D5DC2}.DebugDLLWinRT|x64.ActiveCfg = DebugDLLWinRT|x64
		{02B94302-23D6-43EF-8865-95CDE99D5DC2}.DebugDLLWinRT|x64.Build.0 = DebugDLLWinRT|x64
		{02B94302-23D6-43EF-8865-95CDE99D5DC2}.DebugDLLWinRT|x86.ActiveCfg = DebugDLLWinRT|Win32
		{02B94302-23D6-43EF-8865-95CDE99D5DC2}.DebugDLLWinRT|x86.Build.0 = DebugDLLWinRT|Win32
		{02B94302-23D6-43EF-8865-95CDE99D5DC2}.DebugWinRT|x64.ActiveCfg = DebugWinRT|x64
		{02B94302-23D6-43EF-8865-95CDE99D5DC2}.DebugWinRT|x64.Build.0 = DebugWinRT|x64
		{02B94302-23D6-43EF-8865-95CDE99D5DC2}.DebugWinRT|x86.ActiveCfg = DebugWinRT|Win32
		{02B94302-23D6-43EF-8865-95CDE99D5DC2}.DebugWinRT|x86.Build.0 = DebugWinRT|Win32
		{02B94302-23D6-43EF-8865-95CDE99D5DC2}.Release|x64.ActiveCfg = Release|x64
		{02B94302-23D6-43EF-8865-95CDE99D5DC2}.Release|x64.Build.0 = Release|x64
		{02B94302-23D6-43EF-8865-95CDE99D5DC2}.Release|x86.ActiveCfg = Release|Win32
		{02B94302-23D6-43EF-8865-95CDE99D5DC2}.Release|x86.Build.0 = Release|Win32
		{02B94302-23D6-43EF-8865-95CDE99D5DC2}.ReleaseDLL|x64.ActiveCfg = ReleaseDLL|x64
		{02B94302-23D6-43EF-8865-95CDE99D5DC2}.ReleaseDLL|x64.Build.0 = ReleaseDLL|x64
		{02B94302-23D6-43EF-8865-95CDE99D5DC2}.ReleaseDLL|x86.ActiveCfg = ReleaseDLL|Win32
		{02B94302-23D6-43EF-8865-95CDE99D5DC2}.ReleaseDLL|x86.Build.0 = ReleaseDLL|Win32
		{02B94302-23D6-43EF-8865-95CDE99D5DC2}.ReleaseDLLStaticDeps|x64.ActiveCfg = Release|x64
		{02B94302-23D6-43EF-8865-95CDE99D5DC2}.ReleaseDLLStaticDeps|x64.Build.0 = Release|x64
		{02B94302-23D6-43EF-8865-95CDE99D5DC2}.ReleaseDLLStaticDeps|x86.ActiveCfg = Release|Win32
		{02B94302-23D6-43EF-8865-95CDE99D5DC2}.ReleaseDLLStaticDeps|x86.Build.0 = Release|Win32
		{02B94302-23D6-43EF-8865-95CDE99D5DC2}.ReleaseDLLWinRT|x64.ActiveCfg = ReleaseDLLWinRT|x64
		{02B94302-23D6-43EF-8865-95CDE99D5DC2}.ReleaseDLLWinRT|x64.Build.0 = ReleaseDLLWinRT|x64
		{02B94302-23D6-43EF-8865-95CDE99D5DC2}.ReleaseDLLWinRT|x86.ActiveCfg = ReleaseDLLWinRT|Win32
		{02B94302-23D6-43EF-8865-95CDE99D5DC2}.ReleaseDLLWinRT|x86.Build.0 = ReleaseDLLWinRT|Win32
		{02B94302-23D6-43EF-8865-95CDE99D5DC2}.ReleaseDLLWinRTStaticDeps|x64.ActiveCfg = ReleaseWinRT|x64
		{02B94302-23D6-43EF-8865-95CDE99D5DC2}.ReleaseDLLWinRTStaticDeps|x64.Build.0 = ReleaseWinRT|x64
		{02B94302-23D6-43EF-8865-95CDE99D5DC2}.ReleaseDLLWinRTStaticDeps|x86.ActiveCfg = ReleaseWinRT|Win32
		{02B94302-23D6-43EF-8865-95CDE99D5DC2}.ReleaseDLLWinRTStaticDeps|x86.Build.0 = ReleaseWinRT|Win32
		{02B94302-23D6-43EF-8865-95CDE99D5DC2}.ReleaseWinRT|x64.ActiveCfg = ReleaseWinRT|x64
		{02B94302-23D6-43EF-8865-95CDE99D5DC2}.ReleaseWinRT|x64.Build.0 = ReleaseWinRT|x64
		{02B94302-23D6-43EF-8865-95CDE99D5DC2}.ReleaseWinRT|x86.ActiveCfg = ReleaseWinRT|Win32
		{02B94302-23D6-43EF-8865-95CDE99D5DC2}.ReleaseWinRT|x86.Build.0 = ReleaseWinRT|Win32
	EndGlobalSection
	GlobalSection(SolutionProperties) = preSolution
		HideSolutionNode = FALSE
	EndGlobalSection
	GlobalSection(NestedProjects) = preSolution
		{90BC19D8-3074-4BB6-BE35-58D46113CBE8} = {B3E16041-0796-40E2-A1CB-4C05890F6EA4}
		{D8F82459-02FA-4495-A511-BE04A1D07D1A} = {B3E16041-0796-40E2-A1CB-4C05890F6EA4}
		{02B94302-23D6-43EF-8865-95CDE99D5DC2} = {1AFCCA3A-B799-4998-83B4-DA3F8E5CA526}
	EndGlobalSection
	GlobalSection(ExtensibilityGlobals) = postSolution
		SolutionGuid = {2071EBE4-C05C-4121-957E-B31CDB1190C9}
	EndGlobalSection
EndGlobal
