<?xml version="1.0" encoding="utf-8"?>
<Project ToolsVersion="4.0" xmlns="http://schemas.microsoft.com/developer/msbuild/2003">
  <ItemGroup>
    <Filter Include="Header Files">
      <UniqueIdentifier>{e850f24d-093f-4c30-a99c-413a7dfa71b8}</UniqueIdentifier>
    </Filter>
    <Filter Include="Resource Files">
      <UniqueIdentifier>{f18cd969-acc3-480c-9147-ea3ae1c8ba92}</UniqueIdentifier>
    </Filter>
    <Filter Include="Source Files">
      <UniqueIdentifier>{bdd0568e-d423-4fcc-affe-6ba0c2a40f78}</UniqueIdentifier>
    </Filter>
    <Filter Include="Header Files\nettle">
      <UniqueIdentifier>{4d23f386-253d-4b98-8016-004e40bed5b2}</UniqueIdentifier>
    </Filter>
    <Filter Include="Source Files\x86">
      <UniqueIdentifier>{6a11bc94-67e0-4cf7-8352-cd07e1dd089a}</UniqueIdentifier>
    </Filter>
    <Filter Include="Source Files\x86_64">
      <UniqueIdentifier>{0bfa0652-fa51-4afe-8a53-a77f9a25680f}</UniqueIdentifier>
    </Filter>
  </ItemGroup>
  <ItemGroup>
    <ClInclude Include="config.h">
      <Filter>Header Files</Filter>
    </ClInclude>
    <ClInclude Include="..\nettle-types.h">
      <Filter>Header Files\nettle</Filter>
    </ClInclude>
    <ClInclude Include="..\pbkdf2.h">
      <Filter>Header Files\nettle</Filter>
    </ClInclude>
    <ClInclude Include="..\pgp.h">
      <Filter>Header Files\nettle</Filter>
    </ClInclude>
    <ClInclude Include="..\pkcs1.h">
      <Filter>Header Files\nettle</Filter>
    </ClInclude>
    <ClInclude Include="..\realloc.h">
      <Filter>Header Files\nettle</Filter>
    </ClInclude>
    <ClInclude Include="..\ripemd160.h">
      <Filter>Header Files\nettle</Filter>
    </ClInclude>
    <ClInclude Include="..\rsa.h">
      <Filter>Header Files\nettle</Filter>
    </ClInclude>
    <ClInclude Include="..\salsa20.h">
      <Filter>Header Files\nettle</Filter>
    </ClInclude>
    <ClInclude Include="..\serpent.h">
      <Filter>Header Files\nettle</Filter>
    </ClInclude>
    <ClInclude Include="..\sexp.h">
      <Filter>Header Files\nettle</Filter>
    </ClInclude>
    <ClInclude Include="..\sha.h">
      <Filter>Header Files\nettle</Filter>
    </ClInclude>
    <ClInclude Include="..\sha1.h">
      <Filter>Header Files\nettle</Filter>
    </ClInclude>
    <ClInclude Include="..\sha2.h">
      <Filter>Header Files\nettle</Filter>
    </ClInclude>
    <ClInclude Include="..\sha3.h">
      <Filter>Header Files\nettle</Filter>
    </ClInclude>
    <ClInclude Include="..\twofish.h">
      <Filter>Header Files\nettle</Filter>
    </ClInclude>
    <ClInclude Include="..\umac.h">
      <Filter>Header Files\nettle</Filter>
    </ClInclude>
    <ClInclude Include="..\yarrow.h">
      <Filter>Header Files\nettle</Filter>
    </ClInclude>
    <ClInclude Include="..\aes.h">
      <Filter>Header Files\nettle</Filter>
    </ClInclude>
    <ClInclude Include="..\arcfour.h">
      <Filter>Header Files\nettle</Filter>
    </ClInclude>
    <ClInclude Include="..\arctwo.h">
      <Filter>Header Files\nettle</Filter>
    </ClInclude>
    <ClInclude Include="..\asn1.h">
      <Filter>Header Files\nettle</Filter>
    </ClInclude>
    <ClInclude Include="..\base16.h">
      <Filter>Header Files\nettle</Filter>
    </ClInclude>
    <ClInclude Include="..\base64.h">
      <Filter>Header Files\nettle</Filter>
    </ClInclude>
    <ClInclude Include="..\blowfish.h">
      <Filter>Header Files\nettle</Filter>
    </ClInclude>
    <ClInclude Include="..\buffer.h">
      <Filter>Header Files\nettle</Filter>
    </ClInclude>
    <ClInclude Include="..\camellia.h">
      <Filter>Header Files\nettle</Filter>
    </ClInclude>
    <ClInclude Include="..\cast128.h">
      <Filter>Header Files\nettle</Filter>
    </ClInclude>
    <ClInclude Include="..\cbc.h">
      <Filter>Header Files\nettle</Filter>
    </ClInclude>
    <ClInclude Include="..\ctr.h">
      <Filter>Header Files\nettle</Filter>
    </ClInclude>
    <ClInclude Include="..\des.h">
      <Filter>Header Files\nettle</Filter>
    </ClInclude>
    <ClInclude Include="..\dsa.h">
      <Filter>Header Files\nettle</Filter>
    </ClInclude>
    <ClInclude Include="..\ecc.h">
      <Filter>Header Files\nettle</Filter>
    </ClInclude>
    <ClInclude Include="..\ecc-curve.h">
      <Filter>Header Files\nettle</Filter>
    </ClInclude>
    <ClInclude Include="..\ecdsa.h">
      <Filter>Header Files\nettle</Filter>
    </ClInclude>
    <ClInclude Include="..\gcm.h">
      <Filter>Header Files\nettle</Filter>
    </ClInclude>
    <ClInclude Include="..\gosthash94.h">
      <Filter>Header Files\nettle</Filter>
    </ClInclude>
    <ClInclude Include="..\hmac.h">
      <Filter>Header Files\nettle</Filter>
    </ClInclude>
    <ClInclude Include="..\knuth-lfib.h">
      <Filter>Header Files\nettle</Filter>
    </ClInclude>
    <ClInclude Include="..\macros.h">
      <Filter>Header Files\nettle</Filter>
    </ClInclude>
    <ClInclude Include="..\md2.h">
      <Filter>Header Files\nettle</Filter>
    </ClInclude>
    <ClInclude Include="..\md4.h">
      <Filter>Header Files\nettle</Filter>
    </ClInclude>
    <ClInclude Include="..\md5.h">
      <Filter>Header Files\nettle</Filter>
    </ClInclude>
    <ClInclude Include="..\md5-compat.h">
      <Filter>Header Files\nettle</Filter>
    </ClInclude>
    <ClInclude Include="..\memxor.h">
      <Filter>Header Files\nettle</Filter>
    </ClInclude>
    <ClInclude Include="..\nettle-meta.h">
      <Filter>Header Files\nettle</Filter>
    </ClInclude>
    <ClInclude Include="..\poly1305.h">
      <Filter>Header Files\nettle</Filter>
    </ClInclude>
    <ClInclude Include="..\ccm.h">
      <Filter>Header Files\nettle</Filter>
    </ClInclude>
    <ClInclude Include="..\chacha.h">
      <Filter>Header Files\nettle</Filter>
    </ClInclude>
    <ClInclude Include="..\chacha-poly1305.h">
      <Filter>Header Files\nettle</Filter>
    </ClInclude>
    <ClInclude Include="..\dsa-compat.h">
      <Filter>Header Files\nettle</Filter>
    </ClInclude>
    <ClInclude Include="..\eax.h">
      <Filter>Header Files\nettle</Filter>
    </ClInclude>
    <ClInclude Include="..\bignum.h">
      <Filter>Header Files\nettle</Filter>
    </ClInclude>
    <ClInclude Include="..\curve25519.h">
      <Filter>Header Files\nettle</Filter>
    </ClInclude>
    <ClInclude Include="..\eddsa.h">
      <Filter>Header Files\nettle</Filter>
    </ClInclude>
    <ClInclude Include="..\memops.h">
      <Filter>Header Files\nettle</Filter>
    </ClInclude>
    <ClInclude Include="..\pss-mgf1.h">
      <Filter>Header Files\nettle</Filter>
    </ClInclude>
    <ClInclude Include="..\cfb.h">
      <Filter>Header Files\nettle</Filter>
    </ClInclude>
    <ClInclude Include="..\hkdf.h">
      <Filter>Header Files\nettle</Filter>
    </ClInclude>
    <ClInclude Include="..\pss.h">
      <Filter>Header Files\nettle</Filter>
    </ClInclude>
    <ClInclude Include="..\xts.h">
      <Filter>Header Files\nettle</Filter>
    </ClInclude>
  </ItemGroup>
  <ItemGroup>
    <ClCompile Include="..\umac96.c">
      <Filter>Source Files</Filter>
    </ClCompile>
    <ClCompile Include="..\umac128.c">
      <Filter>Source Files</Filter>
    </ClCompile>
    <ClCompile Include="..\umac-l2.c">
      <Filter>Source Files</Filter>
    </ClCompile>
    <ClCompile Include="..\umac-l3.c">
      <Filter>Source Files</Filter>
    </ClCompile>
    <ClCompile Include="..\umac-nh.c">
      <Filter>Source Files</Filter>
    </ClCompile>
    <ClCompile Include="..\umac-nh-n.c">
      <Filter>Source Files</Filter>
    </ClCompile>
    <ClCompile Include="..\umac-poly64.c">
      <Filter>Source Files</Filter>
    </ClCompile>
    <ClCompile Include="..\umac-poly128.c">
      <Filter>Source Files</Filter>
    </ClCompile>
    <ClCompile Include="..\umac-set-key.c">
      <Filter>Source Files</Filter>
    </ClCompile>
    <ClCompile Include="..\write-be32.c">
      <Filter>Source Files</Filter>
    </ClCompile>
    <ClCompile Include="..\write-le32.c">
      <Filter>Source Files</Filter>
    </ClCompile>
    <ClCompile Include="..\write-le64.c">
      <Filter>Source Files</Filter>
    </ClCompile>
    <ClCompile Include="..\yarrow_key_event.c">
      <Filter>Source Files</Filter>
    </ClCompile>
    <ClCompile Include="..\yarrow256.c">
      <Filter>Source Files</Filter>
    </ClCompile>
    <ClCompile Include="..\aesdata.c">
      <Filter>Source Files</Filter>
    </ClCompile>
    <ClCompile Include="..\aes-decrypt.c">
      <Filter>Source Files</Filter>
    </ClCompile>
    <ClCompile Include="..\aes-encrypt.c">
      <Filter>Source Files</Filter>
    </ClCompile>
    <ClCompile Include="..\aes-encrypt-table.c">
      <Filter>Source Files</Filter>
    </ClCompile>
    <ClCompile Include="..\aes-set-decrypt-key.c">
      <Filter>Source Files</Filter>
    </ClCompile>
    <ClCompile Include="..\aes-set-encrypt-key.c">
      <Filter>Source Files</Filter>
    </ClCompile>
    <ClCompile Include="..\arcfour.c">
      <Filter>Source Files</Filter>
    </ClCompile>
    <ClCompile Include="..\arcfour-crypt.c">
      <Filter>Source Files</Filter>
    </ClCompile>
    <ClCompile Include="..\arctwo.c">
      <Filter>Source Files</Filter>
    </ClCompile>
    <ClCompile Include="..\arctwo-meta.c">
      <Filter>Source Files</Filter>
    </ClCompile>
    <ClCompile Include="..\base16-decode.c">
      <Filter>Source Files</Filter>
    </ClCompile>
    <ClCompile Include="..\base16-encode.c">
      <Filter>Source Files</Filter>
    </ClCompile>
    <ClCompile Include="..\base16-meta.c">
      <Filter>Source Files</Filter>
    </ClCompile>
    <ClCompile Include="..\base64-decode.c">
      <Filter>Source Files</Filter>
    </ClCompile>
    <ClCompile Include="..\base64-encode.c">
      <Filter>Source Files</Filter>
    </ClCompile>
    <ClCompile Include="..\base64-meta.c">
      <Filter>Source Files</Filter>
    </ClCompile>
    <ClCompile Include="..\blowfish.c">
      <Filter>Source Files</Filter>
    </ClCompile>
    <ClCompile Include="..\buffer.c">
      <Filter>Source Files</Filter>
    </ClCompile>
    <ClCompile Include="..\buffer-init.c">
      <Filter>Source Files</Filter>
    </ClCompile>
    <ClCompile Include="..\camellia-table.c">
      <Filter>Source Files</Filter>
    </ClCompile>
    <ClCompile Include="..\cast128.c">
      <Filter>Source Files</Filter>
    </ClCompile>
    <ClCompile Include="..\cast128-meta.c">
      <Filter>Source Files</Filter>
    </ClCompile>
    <ClCompile Include="..\cbc.c">
      <Filter>Source Files</Filter>
    </ClCompile>
    <ClCompile Include="..\ctr.c">
      <Filter>Source Files</Filter>
    </ClCompile>
    <ClCompile Include="..\des.c">
      <Filter>Source Files</Filter>
    </ClCompile>
    <ClCompile Include="..\des3.c">
      <Filter>Source Files</Filter>
    </ClCompile>
    <ClCompile Include="..\gcm.c">
      <Filter>Source Files</Filter>
    </ClCompile>
    <ClCompile Include="..\gcm-aes.c">
      <Filter>Source Files</Filter>
    </ClCompile>
    <ClCompile Include="..\gosthash94.c">
      <Filter>Source Files</Filter>
    </ClCompile>
    <ClCompile Include="..\gosthash94-meta.c">
      <Filter>Source Files</Filter>
    </ClCompile>
    <ClCompile Include="..\hmac.c">
      <Filter>Source Files</Filter>
    </ClCompile>
    <ClCompile Include="..\hmac-md5.c">
      <Filter>Source Files</Filter>
    </ClCompile>
    <ClCompile Include="..\hmac-ripemd160.c">
      <Filter>Source Files</Filter>
    </ClCompile>
    <ClCompile Include="..\hmac-sha1.c">
      <Filter>Source Files</Filter>
    </ClCompile>
    <ClCompile Include="..\hmac-sha224.c">
      <Filter>Source Files</Filter>
    </ClCompile>
    <ClCompile Include="..\hmac-sha256.c">
      <Filter>Source Files</Filter>
    </ClCompile>
    <ClCompile Include="..\hmac-sha384.c">
      <Filter>Source Files</Filter>
    </ClCompile>
    <ClCompile Include="..\hmac-sha512.c">
      <Filter>Source Files</Filter>
    </ClCompile>
    <ClCompile Include="..\knuth-lfib.c">
      <Filter>Source Files</Filter>
    </ClCompile>
    <ClCompile Include="..\md2.c">
      <Filter>Source Files</Filter>
    </ClCompile>
    <ClCompile Include="..\md2-meta.c">
      <Filter>Source Files</Filter>
    </ClCompile>
    <ClCompile Include="..\md4.c">
      <Filter>Source Files</Filter>
    </ClCompile>
    <ClCompile Include="..\md4-meta.c">
      <Filter>Source Files</Filter>
    </ClCompile>
    <ClCompile Include="..\md5.c">
      <Filter>Source Files</Filter>
    </ClCompile>
    <ClCompile Include="..\md5-compat.c">
      <Filter>Source Files</Filter>
    </ClCompile>
    <ClCompile Include="..\md5-meta.c">
      <Filter>Source Files</Filter>
    </ClCompile>
    <ClCompile Include="..\nettle-meta-armors.c">
      <Filter>Source Files</Filter>
    </ClCompile>
    <ClCompile Include="..\nettle-meta-ciphers.c">
      <Filter>Source Files</Filter>
    </ClCompile>
    <ClCompile Include="..\nettle-meta-hashes.c">
      <Filter>Source Files</Filter>
    </ClCompile>
    <ClCompile Include="..\pbkdf2.c">
      <Filter>Source Files</Filter>
    </ClCompile>
    <ClCompile Include="..\pbkdf2-hmac-sha1.c">
      <Filter>Source Files</Filter>
    </ClCompile>
    <ClCompile Include="..\pbkdf2-hmac-sha256.c">
      <Filter>Source Files</Filter>
    </ClCompile>
    <ClCompile Include="..\ripemd160.c">
      <Filter>Source Files</Filter>
    </ClCompile>
    <ClCompile Include="..\ripemd160-compress.c">
      <Filter>Source Files</Filter>
    </ClCompile>
    <ClCompile Include="..\ripemd160-meta.c">
      <Filter>Source Files</Filter>
    </ClCompile>
    <ClCompile Include="..\salsa20-core-internal.c">
      <Filter>Source Files</Filter>
    </ClCompile>
    <ClCompile Include="..\salsa20-crypt.c">
      <Filter>Source Files</Filter>
    </ClCompile>
    <ClCompile Include="..\salsa20r12-crypt.c">
      <Filter>Source Files</Filter>
    </ClCompile>
    <ClCompile Include="..\salsa20-set-key.c">
      <Filter>Source Files</Filter>
    </ClCompile>
    <ClCompile Include="..\serpent-decrypt.c">
      <Filter>Source Files</Filter>
    </ClCompile>
    <ClCompile Include="..\serpent-encrypt.c">
      <Filter>Source Files</Filter>
    </ClCompile>
    <ClCompile Include="..\serpent-meta.c">
      <Filter>Source Files</Filter>
    </ClCompile>
    <ClCompile Include="..\serpent-set-key.c">
      <Filter>Source Files</Filter>
    </ClCompile>
    <ClCompile Include="..\sha1.c">
      <Filter>Source Files</Filter>
    </ClCompile>
    <ClCompile Include="..\sha1-meta.c">
      <Filter>Source Files</Filter>
    </ClCompile>
    <ClCompile Include="..\sha3.c">
      <Filter>Source Files</Filter>
    </ClCompile>
    <ClCompile Include="..\sha3-224.c">
      <Filter>Source Files</Filter>
    </ClCompile>
    <ClCompile Include="..\sha3-224-meta.c">
      <Filter>Source Files</Filter>
    </ClCompile>
    <ClCompile Include="..\sha3-256.c">
      <Filter>Source Files</Filter>
    </ClCompile>
    <ClCompile Include="..\sha3-256-meta.c">
      <Filter>Source Files</Filter>
    </ClCompile>
    <ClCompile Include="..\sha3-384.c">
      <Filter>Source Files</Filter>
    </ClCompile>
    <ClCompile Include="..\sha3-384-meta.c">
      <Filter>Source Files</Filter>
    </ClCompile>
    <ClCompile Include="..\sha3-512.c">
      <Filter>Source Files</Filter>
    </ClCompile>
    <ClCompile Include="..\sha3-512-meta.c">
      <Filter>Source Files</Filter>
    </ClCompile>
    <ClCompile Include="..\sha3-permute.c">
      <Filter>Source Files</Filter>
    </ClCompile>
    <ClCompile Include="..\sha224-meta.c">
      <Filter>Source Files</Filter>
    </ClCompile>
    <ClCompile Include="..\sha256.c">
      <Filter>Source Files</Filter>
    </ClCompile>
    <ClCompile Include="..\sha256-compress.c">
      <Filter>Source Files</Filter>
    </ClCompile>
    <ClCompile Include="..\sha256-meta.c">
      <Filter>Source Files</Filter>
    </ClCompile>
    <ClCompile Include="..\sha384-meta.c">
      <Filter>Source Files</Filter>
    </ClCompile>
    <ClCompile Include="..\sha512.c">
      <Filter>Source Files</Filter>
    </ClCompile>
    <ClCompile Include="..\sha512-compress.c">
      <Filter>Source Files</Filter>
    </ClCompile>
    <ClCompile Include="..\sha512-meta.c">
      <Filter>Source Files</Filter>
    </ClCompile>
    <ClCompile Include="..\twofish.c">
      <Filter>Source Files</Filter>
    </ClCompile>
    <ClCompile Include="..\twofish-meta.c">
      <Filter>Source Files</Filter>
    </ClCompile>
    <ClCompile Include="..\umac32.c">
      <Filter>Source Files</Filter>
    </ClCompile>
    <ClCompile Include="..\umac64.c">
      <Filter>Source Files</Filter>
    </ClCompile>
    <ClCompile Include="..\realloc.c">
      <Filter>Source Files</Filter>
    </ClCompile>
    <ClCompile Include="..\memxor.c">
      <Filter>Source Files</Filter>
    </ClCompile>
    <ClCompile Include="..\aes256-meta.c">
      <Filter>Source Files</Filter>
    </ClCompile>
    <ClCompile Include="..\aes256-set-decrypt-key.c">
      <Filter>Source Files</Filter>
    </ClCompile>
    <ClCompile Include="..\aes256-set-encrypt-key.c">
      <Filter>Source Files</Filter>
    </ClCompile>
    <ClCompile Include="..\aes128-meta.c">
      <Filter>Source Files</Filter>
    </ClCompile>
    <ClCompile Include="..\aes128-set-decrypt-key.c">
      <Filter>Source Files</Filter>
    </ClCompile>
    <ClCompile Include="..\aes128-set-encrypt-key.c">
      <Filter>Source Files</Filter>
    </ClCompile>
    <ClCompile Include="..\aes192-meta.c">
      <Filter>Source Files</Filter>
    </ClCompile>
    <ClCompile Include="..\aes192-set-decrypt-key.c">
      <Filter>Source Files</Filter>
    </ClCompile>
    <ClCompile Include="..\aes192-set-encrypt-key.c">
      <Filter>Source Files</Filter>
    </ClCompile>
    <ClCompile Include="..\camellia-absorb.c">
      <Filter>Source Files</Filter>
    </ClCompile>
    <ClCompile Include="..\camellia-invert-key.c">
      <Filter>Source Files</Filter>
    </ClCompile>
    <ClCompile Include="..\camellia256-set-encrypt-key.c">
      <Filter>Source Files</Filter>
    </ClCompile>
    <ClCompile Include="..\camellia128-crypt.c">
      <Filter>Source Files</Filter>
    </ClCompile>
    <ClCompile Include="..\camellia128-meta.c">
      <Filter>Source Files</Filter>
    </ClCompile>
    <ClCompile Include="..\camellia128-set-decrypt-key.c">
      <Filter>Source Files</Filter>
    </ClCompile>
    <ClCompile Include="..\camellia128-set-encrypt-key.c">
      <Filter>Source Files</Filter>
    </ClCompile>
    <ClCompile Include="..\camellia192-meta.c">
      <Filter>Source Files</Filter>
    </ClCompile>
    <ClCompile Include="..\camellia256-crypt.c">
      <Filter>Source Files</Filter>
    </ClCompile>
    <ClCompile Include="..\camellia256-meta.c">
      <Filter>Source Files</Filter>
    </ClCompile>
    <ClCompile Include="..\camellia256-set-decrypt-key.c">
      <Filter>Source Files</Filter>
    </ClCompile>
    <ClCompile Include="..\ccm-aes256.c">
      <Filter>Source Files</Filter>
    </ClCompile>
    <ClCompile Include="..\ccm.c">
      <Filter>Source Files</Filter>
    </ClCompile>
    <ClCompile Include="..\ccm-aes128.c">
      <Filter>Source Files</Filter>
    </ClCompile>
    <ClCompile Include="..\ccm-aes192.c">
      <Filter>Source Files</Filter>
    </ClCompile>
    <ClCompile Include="..\chacha-set-nonce.c">
      <Filter>Source Files</Filter>
    </ClCompile>
    <ClCompile Include="..\chacha-core-internal.c">
      <Filter>Source Files</Filter>
    </ClCompile>
    <ClCompile Include="..\chacha-crypt.c">
      <Filter>Source Files</Filter>
    </ClCompile>
    <ClCompile Include="..\chacha-poly1305.c">
      <Filter>Source Files</Filter>
    </ClCompile>
    <ClCompile Include="..\chacha-poly1305-meta.c">
      <Filter>Source Files</Filter>
    </ClCompile>
    <ClCompile Include="..\chacha-set-key.c">
      <Filter>Source Files</Filter>
    </ClCompile>
    <ClCompile Include="..\eax-aes128-meta.c">
      <Filter>Source Files</Filter>
    </ClCompile>
    <ClCompile Include="..\eax.c">
      <Filter>Source Files</Filter>
    </ClCompile>
    <ClCompile Include="..\eax-aes128.c">
      <Filter>Source Files</Filter>
    </ClCompile>
    <ClCompile Include="..\gcm-camellia256-meta.c">
      <Filter>Source Files</Filter>
    </ClCompile>
    <ClCompile Include="..\gcm-aes128.c">
      <Filter>Source Files</Filter>
    </ClCompile>
    <ClCompile Include="..\gcm-aes128-meta.c">
      <Filter>Source Files</Filter>
    </ClCompile>
    <ClCompile Include="..\gcm-aes192.c">
      <Filter>Source Files</Filter>
    </ClCompile>
    <ClCompile Include="..\gcm-aes192-meta.c">
      <Filter>Source Files</Filter>
    </ClCompile>
    <ClCompile Include="..\gcm-aes256.c">
      <Filter>Source Files</Filter>
    </ClCompile>
    <ClCompile Include="..\gcm-aes256-meta.c">
      <Filter>Source Files</Filter>
    </ClCompile>
    <ClCompile Include="..\gcm-camellia128.c">
      <Filter>Source Files</Filter>
    </ClCompile>
    <ClCompile Include="..\gcm-camellia128-meta.c">
      <Filter>Source Files</Filter>
    </ClCompile>
    <ClCompile Include="..\gcm-camellia256.c">
      <Filter>Source Files</Filter>
    </ClCompile>
    <ClCompile Include="..\nettle-meta-aeads.c">
      <Filter>Source Files</Filter>
    </ClCompile>
    <ClCompile Include="..\poly1305-internal.c">
      <Filter>Source Files</Filter>
    </ClCompile>
    <ClCompile Include="..\poly1305-aes.c">
      <Filter>Source Files</Filter>
    </ClCompile>
    <ClCompile Include="..\salsa20-set-nonce.c">
      <Filter>Source Files</Filter>
    </ClCompile>
    <ClCompile Include="..\salsa20-128-set-key.c">
      <Filter>Source Files</Filter>
    </ClCompile>
    <ClCompile Include="..\salsa20-256-set-key.c">
      <Filter>Source Files</Filter>
    </ClCompile>
    <ClCompile Include="..\sha512-256-meta.c">
      <Filter>Source Files</Filter>
    </ClCompile>
    <ClCompile Include="..\sha512-224-meta.c">
      <Filter>Source Files</Filter>
    </ClCompile>
    <ClCompile Include="..\aes-set-key-internal.c">
      <Filter>Source Files</Filter>
    </ClCompile>
    <ClCompile Include="..\aes-invert-internal.c">
      <Filter>Source Files</Filter>
    </ClCompile>
    <ClCompile Include="..\base64url-meta.c">
      <Filter>Source Files</Filter>
    </ClCompile>
    <ClCompile Include="..\base64url-decode.c">
      <Filter>Source Files</Filter>
    </ClCompile>
    <ClCompile Include="..\base64url-encode.c">
      <Filter>Source Files</Filter>
    </ClCompile>
    <ClCompile Include="..\memxor3.c">
      <Filter>Source Files</Filter>
    </ClCompile>
    <ClCompile Include="..\version.c">
      <Filter>Source Files</Filter>
    </ClCompile>
    <ClCompile Include="..\memeql-sec.c">
      <Filter>Source Files</Filter>
    </ClCompile>
    <ClCompile Include="..\fat-x86_64.c">
      <Filter>Source Files</Filter>
    </ClCompile>
    <ClCompile Include="..\cfb.c">
      <Filter>Source Files</Filter>
    </ClCompile>
    <ClCompile Include="..\hkdf.c">
      <Filter>Source Files</Filter>
    </ClCompile>
    <ClCompile Include="..\nettle-lookup-hash.c">
      <Filter>Source Files</Filter>
    </ClCompile>
    <ClCompile Include="..\cnd-memcpy.c">
      <Filter>Source Files</Filter>
    </ClCompile>
    <ClCompile Include="..\cmac.c">
      <Filter>Source Files</Filter>
    </ClCompile>
    <ClCompile Include="..\cmac-aes128.c">
      <Filter>Source Files</Filter>
    </ClCompile>
    <ClCompile Include="..\cmac-aes256.c">
      <Filter>Source Files</Filter>
    </ClCompile>
    <ClCompile Include="..\ctr16.c">
      <Filter>Source Files</Filter>
    </ClCompile>
    <ClCompile Include="..\xts.c">
      <Filter>Source Files</Filter>
    </ClCompile>
    <ClCompile Include="..\xts-aes128.c">
      <Filter>Source Files</Filter>
    </ClCompile>
    <ClCompile Include="..\xts-aes256.c">
      <Filter>Source Files</Filter>
    </ClCompile>
  </ItemGroup>
  <ItemGroup>
    <None Include="libnettle.def">
      <Filter>Resource Files</Filter>
    </None>
  </ItemGroup>
  <ItemGroup>
    <YASM Include="x86\aes-decrypt-internal.s">
      <Filter>Source Files\x86</Filter>
    </YASM>
    <YASM Include="x86\aes-encrypt-internal.s">
      <Filter>Source Files\x86</Filter>
    </YASM>
    <YASM Include="x86\arcfour-crypt.s">
      <Filter>Source Files\x86</Filter>
    </YASM>
    <YASM Include="x86\camellia-crypt-internal.s">
      <Filter>Source Files\x86</Filter>
    </YASM>
    <YASM Include="x86\md5-compress.s">
      <Filter>Source Files\x86</Filter>
    </YASM>
    <YASM Include="x86\sha1-compress.s">
      <Filter>Source Files\x86</Filter>
    </YASM>
    <YASM Include="x86_64\aes-decrypt-internal-2-fat.s">
      <Filter>Source Files\x86_64</Filter>
    </YASM>
    <YASM Include="x86_64\aes-decrypt-internal-fat.s">
      <Filter>Source Files\x86_64</Filter>
    </YASM>
    <YASM Include="x86_64\aes-encrypt-internal-2-fat.s">
      <Filter>Source Files\x86_64</Filter>
    </YASM>
    <YASM Include="x86_64\aes-encrypt-internal-fat.s">
      <Filter>Source Files\x86_64</Filter>
    </YASM>
    <YASM Include="x86_64\camellia-crypt-internal.s">
      <Filter>Source Files\x86_64</Filter>
    </YASM>
    <YASM Include="x86_64\chacha-core-internal.s">
      <Filter>Source Files\x86_64</Filter>
    </YASM>
    <YASM Include="x86_64\cpuid-fat.s">
      <Filter>Source Files\x86_64</Filter>
    </YASM>
    <YASM Include="x86_64\gcm-hash8.s">
      <Filter>Source Files\x86_64</Filter>
    </YASM>
    <YASM Include="x86_64\md5-compress.s">
      <Filter>Source Files\x86_64</Filter>
    </YASM>
    <YASM Include="x86_64\memxor-2-fat.s">
      <Filter>Source Files\x86_64</Filter>
    </YASM>
    <YASM Include="x86_64\memxor3.s">
      <Filter>Source Files\x86_64</Filter>
    </YASM>
    <YASM Include="x86_64\memxor-fat.s">
      <Filter>Source Files\x86_64</Filter>
    </YASM>
    <YASM Include="x86_64\poly1305-internal.s">
      <Filter>Source Files\x86_64</Filter>
    </YASM>
    <YASM Include="x86_64\salsa20-core-internal.s">
      <Filter>Source Files\x86_64</Filter>
    </YASM>
    <YASM Include="x86_64\salsa20-crypt.s">
      <Filter>Source Files\x86_64</Filter>
    </YASM>
    <YASM Include="x86_64\serpent-decrypt.s">
      <Filter>Source Files\x86_64</Filter>
    </YASM>
    <YASM Include="x86_64\serpent-encrypt.s">
      <Filter>Source Files\x86_64</Filter>
    </YASM>
    <YASM Include="x86_64\sha1-compress-2-fat.s">
      <Filter>Source Files\x86_64</Filter>
    </YASM>
    <YASM Include="x86_64\sha1-compress-fat.s">
      <Filter>Source Files\x86_64</Filter>
    </YASM>
    <YASM Include="x86_64\sha3-permute.s">
      <Filter>Source Files\x86_64</Filter>
    </YASM>
    <YASM Include="x86_64\sha256-compress-2-fat.s">
      <Filter>Source Files\x86_64</Filter>
    </YASM>
    <YASM Include="x86_64\sha256-compress-fat.s">
      <Filter>Source Files\x86_64</Filter>
    </YASM>
    <YASM Include="x86_64\sha512-compress.s">
      <Filter>Source Files\x86_64</Filter>
    </YASM>
    <YASM Include="x86_64\umac-nh.s">
      <Filter>Source Files\x86_64</Filter>
    </YASM>
    <YASM Include="x86_64\umac-nh-n.s">
      <Filter>Source Files\x86_64</Filter>
    </YASM>
  </ItemGroup>
</Project>