
Microsoft Visual Studio Solution File, Format Version 12.00
VisualStudioVersion = 12.0.30723.0
MinimumVisualStudioVersion = 10.0.40219.1
Project("{8BC9CEB8-8B4A-11D0-8D11-00A0C91BC942}") = "libnettle", "libnettle.vcxproj", "{070FEF2B-0C3F-4F33-9D3C-53C7330BF518}"
EndProject
Project("{8BC9CEB8-8B4A-11D0-8D11-00A0C91BC942}") = "libhogweed", "libhogweed.vcxproj", "{200F3D3C-8B84-46D8-953A-6C0EBD283B5C}"
	ProjectSection(ProjectDependencies) = postProject
		{2016A4DB-B9BA-4521-BDA7-0EB3806E1FC8} = {2016A4DB-B9BA-4521-BDA7-0EB3806E1FC8}
	EndProjectSection
EndProject
Project("{2150E333-8FDC-42A3-9474-1A3956D46DE8}") = "pre-build", "pre-build", "{CFAECC3C-F247-49FC-8290-78F7D101E08F}"
EndProject
Project("{8BC9CEB8-8B4A-11D0-8D11-00A0C91BC942}") = "desdata", "desdata.vcxproj", "{90BC19D8-3074-4BB6-BE35-58D46113CBE8}"
EndProject
Project("{8BC9CEB8-8B4A-11D0-8D11-00A0C91BC942}") = "eccdata", "eccdata.vcxproj", "{D8F82459-02FA-4495-A511-BE04A1D07D1A}"
EndProject
Global
	GlobalSection(SolutionConfigurationPlatforms) = preSolution
		Debug|Win32 = Debug|Win32
		Debug|x64 = Debug|x64
		DebugDLL|Win32 = DebugDLL|Win32
		DebugDLL|x64 = DebugDLL|x64
		DebugDLLStaticDeps|Win32 = DebugDLLStaticDeps|Win32
		DebugDLLStaticDeps|x64 = DebugDLLStaticDeps|x64
		Release|Win32 = Release|Win32
		Release|x64 = Release|x64
		ReleaseDLL|Win32 = ReleaseDLL|Win32
		ReleaseDLL|x64 = ReleaseDLL|x64
		ReleaseDLLStaticDeps|Win32 = ReleaseDLLStaticDeps|Win32
		ReleaseDLLStaticDeps|x64 = ReleaseDLLStaticDeps|x64
		ReleaseLTO|Win32 = ReleaseLTO|Win32
		ReleaseLTO|x64 = ReleaseLTO|x64
	EndGlobalSection
	GlobalSection(ProjectConfigurationPlatforms) = postSolution
		{070FEF2B-0C3F-4F33-9D3C-53C7330BF518}.Debug|Win32.ActiveCfg = Debug|Win32
		{070FEF2B-0C3F-4F33-9D3C-53C7330BF518}.Debug|Win32.Build.0 = Debug|Win32
		{070FEF2B-0C3F-4F33-9D3C-53C7330BF518}.Debug|x64.ActiveCfg = Debug|x64
		{070FEF2B-0C3F-4F33-9D3C-53C7330BF518}.Debug|x64.Build.0 = Debug|x64
		{070FEF2B-0C3F-4F33-9D3C-53C7330BF518}.DebugDLL|Win32.ActiveCfg = DebugDLL|Win32
		{070FEF2B-0C3F-4F33-9D3C-53C7330BF518}.DebugDLL|Win32.Build.0 = DebugDLL|Win32
		{070FEF2B-0C3F-4F33-9D3C-53C7330BF518}.DebugDLL|x64.ActiveCfg = DebugDLL|x64
		{070FEF2B-0C3F-4F33-9D3C-53C7330BF518}.DebugDLL|x64.Build.0 = DebugDLL|x64
		{070FEF2B-0C3F-4F33-9D3C-53C7330BF518}.DebugDLLStaticDeps|Win32.ActiveCfg = DebugDLL|Win32
		{070FEF2B-0C3F-4F33-9D3C-53C7330BF518}.DebugDLLStaticDeps|Win32.Build.0 = DebugDLL|Win32
		{070FEF2B-0C3F-4F33-9D3C-53C7330BF518}.DebugDLLStaticDeps|x64.ActiveCfg = DebugDLL|x64
		{070FEF2B-0C3F-4F33-9D3C-53C7330BF518}.DebugDLLStaticDeps|x64.Build.0 = DebugDLL|x64
		{070FEF2B-0C3F-4F33-9D3C-53C7330BF518}.Release|Win32.ActiveCfg = Release|Win32
		{070FEF2B-0C3F-4F33-9D3C-53C7330BF518}.Release|Win32.Build.0 = Release|Win32
		{070FEF2B-0C3F-4F33-9D3C-53C7330BF518}.Release|x64.ActiveCfg = Release|x64
		{070FEF2B-0C3F-4F33-9D3C-53C7330BF518}.Release|x64.Build.0 = Release|x64
		{070FEF2B-0C3F-4F33-9D3C-53C7330BF518}.ReleaseDLL|Win32.ActiveCfg = ReleaseDLL|Win32
		{070FEF2B-0C3F-4F33-9D3C-53C7330BF518}.ReleaseDLL|Win32.Build.0 = ReleaseDLL|Win32
		{070FEF2B-0C3F-4F33-9D3C-53C7330BF518}.ReleaseDLL|x64.ActiveCfg = ReleaseDLL|x64
		{070FEF2B-0C3F-4F33-9D3C-53C7330BF518}.ReleaseDLL|x64.Build.0 = ReleaseDLL|x64
		{070FEF2B-0C3F-4F33-9D3C-53C7330BF518}.ReleaseDLLStaticDeps|Win32.ActiveCfg = ReleaseDLL|Win32
		{070FEF2B-0C3F-4F33-9D3C-53C7330BF518}.ReleaseDLLStaticDeps|Win32.Build.0 = ReleaseDLL|Win32
		{070FEF2B-0C3F-4F33-9D3C-53C7330BF518}.ReleaseDLLStaticDeps|x64.ActiveCfg = ReleaseDLL|x64
		{070FEF2B-0C3F-4F33-9D3C-53C7330BF518}.ReleaseDLLStaticDeps|x64.Build.0 = ReleaseDLL|x64
		{070FEF2B-0C3F-4F33-9D3C-53C7330BF518}.ReleaseLTO|Win32.ActiveCfg = ReleaseLTO|Win32
		{070FEF2B-0C3F-4F33-9D3C-53C7330BF518}.ReleaseLTO|Win32.Build.0 = ReleaseLTO|Win32
		{070FEF2B-0C3F-4F33-9D3C-53C7330BF518}.ReleaseLTO|x64.ActiveCfg = ReleaseLTO|x64
		{070FEF2B-0C3F-4F33-9D3C-53C7330BF518}.ReleaseLTO|x64.Build.0 = ReleaseLTO|x64
		{200F3D3C-8B84-46D8-953A-6C0EBD283B5C}.Debug|Win32.ActiveCfg = Debug|Win32
		{200F3D3C-8B84-46D8-953A-6C0EBD283B5C}.Debug|Win32.Build.0 = Debug|Win32
		{200F3D3C-8B84-46D8-953A-6C0EBD283B5C}.Debug|x64.ActiveCfg = Debug|x64
		{200F3D3C-8B84-46D8-953A-6C0EBD283B5C}.Debug|x64.Build.0 = Debug|x64
		{200F3D3C-8B84-46D8-953A-6C0EBD283B5C}.DebugDLL|Win32.ActiveCfg = DebugDLL|Win32
		{200F3D3C-8B84-46D8-953A-6C0EBD283B5C}.DebugDLL|Win32.Build.0 = DebugDLL|Win32
		{200F3D3C-8B84-46D8-953A-6C0EBD283B5C}.DebugDLL|x64.ActiveCfg = DebugDLL|x64
		{200F3D3C-8B84-46D8-953A-6C0EBD283B5C}.DebugDLL|x64.Build.0 = DebugDLL|x64
		{200F3D3C-8B84-46D8-953A-6C0EBD283B5C}.DebugDLLStaticDeps|Win32.ActiveCfg = DebugDLLStaticDeps|Win32
		{200F3D3C-8B84-46D8-953A-6C0EBD283B5C}.DebugDLLStaticDeps|Win32.Build.0 = DebugDLLStaticDeps|Win32
		{200F3D3C-8B84-46D8-953A-6C0EBD283B5C}.DebugDLLStaticDeps|x64.ActiveCfg = DebugDLLStaticDeps|x64
		{200F3D3C-8B84-46D8-953A-6C0EBD283B5C}.DebugDLLStaticDeps|x64.Build.0 = DebugDLLStaticDeps|x64
		{200F3D3C-8B84-46D8-953A-6C0EBD283B5C}.Release|Win32.ActiveCfg = Release|Win32
		{200F3D3C-8B84-46D8-953A-6C0EBD283B5C}.Release|Win32.Build.0 = Release|Win32
		{200F3D3C-8B84-46D8-953A-6C0EBD283B5C}.Release|x64.ActiveCfg = Release|x64
		{200F3D3C-8B84-46D8-953A-6C0EBD283B5C}.Release|x64.Build.0 = Release|x64
		{200F3D3C-8B84-46D8-953A-6C0EBD283B5C}.ReleaseDLL|Win32.ActiveCfg = ReleaseDLL|Win32
		{200F3D3C-8B84-46D8-953A-6C0EBD283B5C}.ReleaseDLL|Win32.Build.0 = ReleaseDLL|Win32
		{200F3D3C-8B84-46D8-953A-6C0EBD283B5C}.ReleaseDLL|x64.ActiveCfg = ReleaseDLL|x64
		{200F3D3C-8B84-46D8-953A-6C0EBD283B5C}.ReleaseDLL|x64.Build.0 = ReleaseDLL|x64
		{200F3D3C-8B84-46D8-953A-6C0EBD283B5C}.ReleaseDLLStaticDeps|Win32.ActiveCfg = ReleaseDLLStaticDeps|Win32
		{200F3D3C-8B84-46D8-953A-6C0EBD283B5C}.ReleaseDLLStaticDeps|Win32.Build.0 = ReleaseDLLStaticDeps|Win32
		{200F3D3C-8B84-46D8-953A-6C0EBD283B5C}.ReleaseDLLStaticDeps|x64.ActiveCfg = ReleaseDLLStaticDeps|x64
		{200F3D3C-8B84-46D8-953A-6C0EBD283B5C}.ReleaseDLLStaticDeps|x64.Build.0 = ReleaseDLLStaticDeps|x64
		{200F3D3C-8B84-46D8-953A-6C0EBD283B5C}.ReleaseLTO|Win32.ActiveCfg = ReleaseLTO|Win32
		{200F3D3C-8B84-46D8-953A-6C0EBD283B5C}.ReleaseLTO|Win32.Build.0 = ReleaseLTO|Win32
		{200F3D3C-8B84-46D8-953A-6C0EBD283B5C}.ReleaseLTO|x64.ActiveCfg = ReleaseLTO|x64
		{200F3D3C-8B84-46D8-953A-6C0EBD283B5C}.ReleaseLTO|x64.Build.0 = ReleaseLTO|x64
		{90BC19D8-3074-4BB6-BE35-58D46113CBE8}.Debug|Win32.ActiveCfg = Debug|Win32
		{90BC19D8-3074-4BB6-BE35-58D46113CBE8}.Debug|Win32.Build.0 = Debug|Win32
		{90BC19D8-3074-4BB6-BE35-58D46113CBE8}.Debug|x64.ActiveCfg = Debug|x64
		{90BC19D8-3074-4BB6-BE35-58D46113CBE8}.Debug|x64.Build.0 = Debug|x64
		{90BC19D8-3074-4BB6-BE35-58D46113CBE8}.DebugDLL|Win32.ActiveCfg = Debug|Win32
		{90BC19D8-3074-4BB6-BE35-58D46113CBE8}.DebugDLL|Win32.Build.0 = Debug|Win32
		{90BC19D8-3074-4BB6-BE35-58D46113CBE8}.DebugDLL|x64.ActiveCfg = Debug|x64
		{90BC19D8-3074-4BB6-BE35-58D46113CBE8}.DebugDLL|x64.Build.0 = Debug|x64
		{90BC19D8-3074-4BB6-BE35-58D46113CBE8}.DebugDLLStaticDeps|Win32.ActiveCfg = Debug|Win32
		{90BC19D8-3074-4BB6-BE35-58D46113CBE8}.DebugDLLStaticDeps|Win32.Build.0 = Debug|Win32
		{90BC19D8-3074-4BB6-BE35-58D46113CBE8}.DebugDLLStaticDeps|x64.ActiveCfg = Debug|x64
		{90BC19D8-3074-4BB6-BE35-58D46113CBE8}.DebugDLLStaticDeps|x64.Build.0 = Debug|x64
		{90BC19D8-3074-4BB6-BE35-58D46113CBE8}.Release|Win32.ActiveCfg = Release|Win32
		{90BC19D8-3074-4BB6-BE35-58D46113CBE8}.Release|Win32.Build.0 = Release|Win32
		{90BC19D8-3074-4BB6-BE35-58D46113CBE8}.Release|x64.ActiveCfg = Release|x64
		{90BC19D8-3074-4BB6-BE35-58D46113CBE8}.Release|x64.Build.0 = Release|x64
		{90BC19D8-3074-4BB6-BE35-58D46113CBE8}.ReleaseDLL|Win32.ActiveCfg = Release|Win32
		{90BC19D8-3074-4BB6-BE35-58D46113CBE8}.ReleaseDLL|Win32.Build.0 = Release|Win32
		{90BC19D8-3074-4BB6-BE35-58D46113CBE8}.ReleaseDLL|x64.ActiveCfg = Release|x64
		{90BC19D8-3074-4BB6-BE35-58D46113CBE8}.ReleaseDLL|x64.Build.0 = Release|x64
		{90BC19D8-3074-4BB6-BE35-58D46113CBE8}.ReleaseDLLStaticDeps|Win32.ActiveCfg = Release|Win32
		{90BC19D8-3074-4BB6-BE35-58D46113CBE8}.ReleaseDLLStaticDeps|Win32.Build.0 = Release|Win32
		{90BC19D8-3074-4BB6-BE35-58D46113CBE8}.ReleaseDLLStaticDeps|x64.ActiveCfg = Release|x64
		{90BC19D8-3074-4BB6-BE35-58D46113CBE8}.ReleaseDLLStaticDeps|x64.Build.0 = Release|x64
		{90BC19D8-3074-4BB6-BE35-58D46113CBE8}.ReleaseLTO|Win32.ActiveCfg = Release|Win32
		{90BC19D8-3074-4BB6-BE35-58D46113CBE8}.ReleaseLTO|Win32.Build.0 = Release|Win32
		{90BC19D8-3074-4BB6-BE35-58D46113CBE8}.ReleaseLTO|x64.ActiveCfg = Release|x64
		{90BC19D8-3074-4BB6-BE35-58D46113CBE8}.ReleaseLTO|x64.Build.0 = Release|x64
		{D8F82459-02FA-4495-A511-BE04A1D07D1A}.Debug|Win32.ActiveCfg = Debug|Win32
		{D8F82459-02FA-4495-A511-BE04A1D07D1A}.Debug|Win32.Build.0 = Debug|Win32
		{D8F82459-02FA-4495-A511-BE04A1D07D1A}.Debug|x64.ActiveCfg = Debug|x64
		{D8F82459-02FA-4495-A511-BE04A1D07D1A}.Debug|x64.Build.0 = Debug|x64
		{D8F82459-02FA-4495-A511-BE04A1D07D1A}.DebugDLL|Win32.ActiveCfg = Debug|Win32
		{D8F82459-02FA-4495-A511-BE04A1D07D1A}.DebugDLL|Win32.Build.0 = Debug|Win32
		{D8F82459-02FA-4495-A511-BE04A1D07D1A}.DebugDLL|x64.ActiveCfg = Debug|x64
		{D8F82459-02FA-4495-A511-BE04A1D07D1A}.DebugDLL|x64.Build.0 = Debug|x64
		{D8F82459-02FA-4495-A511-BE04A1D07D1A}.DebugDLLStaticDeps|Win32.ActiveCfg = Debug|Win32
		{D8F82459-02FA-4495-A511-BE04A1D07D1A}.DebugDLLStaticDeps|Win32.Build.0 = Debug|Win32
		{D8F82459-02FA-4495-A511-BE04A1D07D1A}.DebugDLLStaticDeps|x64.ActiveCfg = Debug|x64
		{D8F82459-02FA-4495-A511-BE04A1D07D1A}.DebugDLLStaticDeps|x64.Build.0 = Debug|x64
		{D8F82459-02FA-4495-A511-BE04A1D07D1A}.Release|Win32.ActiveCfg = Release|Win32
		{D8F82459-02FA-4495-A511-BE04A1D07D1A}.Release|Win32.Build.0 = Release|Win32
		{D8F82459-02FA-4495-A511-BE04A1D07D1A}.Release|x64.ActiveCfg = Release|x64
		{D8F82459-02FA-4495-A511-BE04A1D07D1A}.Release|x64.Build.0 = Release|x64
		{D8F82459-02FA-4495-A511-BE04A1D07D1A}.ReleaseDLL|Win32.ActiveCfg = Release|Win32
		{D8F82459-02FA-4495-A511-BE04A1D07D1A}.ReleaseDLL|Win32.Build.0 = Release|Win32
		{D8F82459-02FA-4495-A511-BE04A1D07D1A}.ReleaseDLL|x64.ActiveCfg = Release|x64
		{D8F82459-02FA-4495-A511-BE04A1D07D1A}.ReleaseDLL|x64.Build.0 = Release|x64
		{D8F82459-02FA-4495-A511-BE04A1D07D1A}.ReleaseDLLStaticDeps|Win32.ActiveCfg = Release|Win32
		{D8F82459-02FA-4495-A511-BE04A1D07D1A}.ReleaseDLLStaticDeps|Win32.Build.0 = Release|Win32
		{D8F82459-02FA-4495-A511-BE04A1D07D1A}.ReleaseDLLStaticDeps|x64.ActiveCfg = Release|x64
		{D8F82459-02FA-4495-A511-BE04A1D07D1A}.ReleaseDLLStaticDeps|x64.Build.0 = Release|x64
		{D8F82459-02FA-4495-A511-BE04A1D07D1A}.ReleaseLTO|Win32.ActiveCfg = Release|Win32
		{D8F82459-02FA-4495-A511-BE04A1D07D1A}.ReleaseLTO|Win32.Build.0 = Release|Win32
		{D8F82459-02FA-4495-A511-BE04A1D07D1A}.ReleaseLTO|x64.ActiveCfg = Release|x64
		{D8F82459-02FA-4495-A511-BE04A1D07D1A}.ReleaseLTO|x64.Build.0 = Release|x64
	EndGlobalSection
	GlobalSection(SolutionProperties) = preSolution
		HideSolutionNode = FALSE
	EndGlobalSection
	GlobalSection(NestedProjects) = preSolution
		{90BC19D8-3074-4BB6-BE35-58D46113CBE8} = {CFAECC3C-F247-49FC-8290-78F7D101E08F}
		{D8F82459-02FA-4495-A511-BE04A1D07D1A} = {CFAECC3C-F247-49FC-8290-78F7D101E08F}
	EndGlobalSection
EndGlobal
